// !$*UTF8*$!
{
	archiveVersion = 1;
	classes = {
	};
	objectVersion = 50;
	objects = {

/* Begin PBXBuildFile section */
		03761C0C20FAA9F100E7DBE3 /* AppDelegate.swift in Sources */ = {isa = PBXBuildFile; fileRef = 03761C0B20FAA9F100E7DBE3 /* AppDelegate.swift */; };
		03761C0E20FAA9F100E7DBE3 /* ViewController.swift in Sources */ = {isa = PBXBuildFile; fileRef = 03761C0D20FAA9F100E7DBE3 /* ViewController.swift */; };
		03761C1120FAA9F100E7DBE3 /* Main.storyboard in Resources */ = {isa = PBXBuildFile; fileRef = 03761C0F20FAA9F100E7DBE3 /* Main.storyboard */; };
		03761C1420FAA9F100E7DBE3 /* ProgressBarExample.xcdatamodeld in Sources */ = {isa = PBXBuildFile; fileRef = 03761C1220FAA9F100E7DBE3 /* ProgressBarExample.xcdatamodeld */; };
		03761C1620FAA9F200E7DBE3 /* Assets.xcassets in Resources */ = {isa = PBXBuildFile; fileRef = 03761C1520FAA9F200E7DBE3 /* Assets.xcassets */; };
		03761C1920FAA9F200E7DBE3 /* LaunchScreen.storyboard in Resources */ = {isa = PBXBuildFile; fileRef = 03761C1720FAA9F200E7DBE3 /* LaunchScreen.storyboard */; };
		03761C2420FAA9F200E7DBE3 /* ProgressBarExampleTests.swift in Sources */ = {isa = PBXBuildFile; fileRef = 03761C2320FAA9F200E7DBE3 /* ProgressBarExampleTests.swift */; };
		03761C2F20FAA9F200E7DBE3 /* ProgressBarExampleUITests.swift in Sources */ = {isa = PBXBuildFile; fileRef = 03761C2E20FAA9F200E7DBE3 /* ProgressBarExampleUITests.swift */; };
		03761C4320FAB78200E7DBE3 /* ProgressHUD.m in Sources */ = {isa = PBXBuildFile; fileRef = 03761C4020FAB78200E7DBE3 /* ProgressHUD.m */; };
		03761C4420FAB78200E7DBE3 /* ProgressHUD.m in Sources */ = {isa = PBXBuildFile; fileRef = 03761C4020FAB78200E7DBE3 /* ProgressHUD.m */; };
		03761C4520FAB78200E7DBE3 /* ProgressHUD.m in Sources */ = {isa = PBXBuildFile; fileRef = 03761C4020FAB78200E7DBE3 /* ProgressHUD.m */; };
		03761C4620FAB78200E7DBE3 /* ProgressHUD.bundle in Resources */ = {isa = PBXBuildFile; fileRef = 03761C4220FAB78200E7DBE3 /* ProgressHUD.bundle */; };
		03761C4720FAB78200E7DBE3 /* ProgressHUD.bundle in Resources */ = {isa = PBXBuildFile; fileRef = 03761C4220FAB78200E7DBE3 /* ProgressHUD.bundle */; };
		03761C4820FAB78200E7DBE3 /* ProgressHUD.bundle in Resources */ = {isa = PBXBuildFile; fileRef = 03761C4220FAB78200E7DBE3 /* ProgressHUD.bundle */; };
/* End PBXBuildFile section */

/* Begin PBXContainerItemProxy section */
		03761C2020FAA9F200E7DBE3 /* PBXContainerItemProxy */ = {
			isa = PBXContainerItemProxy;
			containerPortal = 03761C0020FAA9F100E7DBE3 /* Project object */;
			proxyType = 1;
			remoteGlobalIDString = 03761C0720FAA9F100E7DBE3;
			remoteInfo = ProgressBarExample;
		};
		03761C2B20FAA9F200E7DBE3 /* PBXContainerItemProxy */ = {
			isa = PBXContainerItemProxy;
			containerPortal = 03761C0020FAA9F100E7DBE3 /* Project object */;
			proxyType = 1;
			remoteGlobalIDString = 03761C0720FAA9F100E7DBE3;
			remoteInfo = ProgressBarExample;
		};
/* End PBXContainerItemProxy section */

/* Begin PBXFileReference section */
		03761C0820FAA9F100E7DBE3 /* ProgressBarExample.app */ = {isa = PBXFileReference; explicitFileType = wrapper.application; includeInIndex = 0; path = ProgressBarExample.app; sourceTree = BUILT_PRODUCTS_DIR; };
		03761C0B20FAA9F100E7DBE3 /* AppDelegate.swift */ = {isa = PBXFileReference; lastKnownFileType = sourcecode.swift; path = AppDelegate.swift; sourceTree = "<group>"; };
		03761C0D20FAA9F100E7DBE3 /* ViewController.swift */ = {isa = PBXFileReference; lastKnownFileType = sourcecode.swift; path = ViewController.swift; sourceTree = "<group>"; };
		03761C1020FAA9F100E7DBE3 /* Base */ = {isa = PBXFileReference; lastKnownFileType = file.storyboard; name = Base; path = Base.lproj/Main.storyboard; sourceTree = "<group>"; };
		03761C1320FAA9F100E7DBE3 /* ProgressBarExample.xcdatamodel */ = {isa = PBXFileReference; lastKnownFileType = wrapper.xcdatamodel; path = ProgressBarExample.xcdatamodel; sourceTree = "<group>"; };
		03761C1520FAA9F200E7DBE3 /* Assets.xcassets */ = {isa = PBXFileReference; lastKnownFileType = folder.assetcatalog; path = Assets.xcassets; sourceTree = "<group>"; };
		03761C1820FAA9F200E7DBE3 /* Base */ = {isa = PBXFileReference; lastKnownFileType = file.storyboard; name = Base; path = Base.lproj/LaunchScreen.storyboard; sourceTree = "<group>"; };
		03761C1A20FAA9F200E7DBE3 /* Info.plist */ = {isa = PBXFileReference; lastKnownFileType = text.plist.xml; path = Info.plist; sourceTree = "<group>"; };
		03761C1F20FAA9F200E7DBE3 /* ProgressBarExampleTests.xctest */ = {isa = PBXFileReference; explicitFileType = wrapper.cfbundle; includeInIndex = 0; path = ProgressBarExampleTests.xctest; sourceTree = BUILT_PRODUCTS_DIR; };
		03761C2320FAA9F200E7DBE3 /* ProgressBarExampleTests.swift */ = {isa = PBXFileReference; lastKnownFileType = sourcecode.swift; path = ProgressBarExampleTests.swift; sourceTree = "<group>"; };
		03761C2520FAA9F200E7DBE3 /* Info.plist */ = {isa = PBXFileReference; lastKnownFileType = text.plist.xml; path = Info.plist; sourceTree = "<group>"; };
		03761C2A20FAA9F200E7DBE3 /* ProgressBarExampleUITests.xctest */ = {isa = PBXFileReference; explicitFileType = wrapper.cfbundle; includeInIndex = 0; path = ProgressBarExampleUITests.xctest; sourceTree = BUILT_PRODUCTS_DIR; };
		03761C2E20FAA9F200E7DBE3 /* ProgressBarExampleUITests.swift */ = {isa = PBXFileReference; lastKnownFileType = sourcecode.swift; path = ProgressBarExampleUITests.swift; sourceTree = "<group>"; };
		03761C3020FAA9F200E7DBE3 /* Info.plist */ = {isa = PBXFileReference; lastKnownFileType = text.plist.xml; path = Info.plist; sourceTree = "<group>"; };
		03761C3D20FAB78100E7DBE3 /* ProgressBarExample-Bridging-Header.h */ = {isa = PBXFileReference; lastKnownFileType = sourcecode.c.h; path = "ProgressBarExample-Bridging-Header.h"; sourceTree = "<group>"; };
		03761C3E20FAB78100E7DBE3 /* ProgressBarExampleTests-Bridging-Header.h */ = {isa = PBXFileReference; lastKnownFileType = sourcecode.c.h; path = "ProgressBarExampleTests-Bridging-Header.h"; sourceTree = "<group>"; };
		03761C3F20FAB78100E7DBE3 /* ProgressBarExampleUITests-Bridging-Header.h */ = {isa = PBXFileReference; lastKnownFileType = sourcecode.c.h; path = "ProgressBarExampleUITests-Bridging-Header.h"; sourceTree = "<group>"; };
		03761C4020FAB78200E7DBE3 /* ProgressHUD.m */ = {isa = PBXFileReference; fileEncoding = 4; lastKnownFileType = sourcecode.c.objc; path = ProgressHUD.m; sourceTree = "<group>"; };
		03761C4120FAB78200E7DBE3 /* ProgressHUD.h */ = {isa = PBXFileReference; fileEncoding = 4; lastKnownFileType = sourcecode.c.h; path = ProgressHUD.h; sourceTree = "<group>"; };
		03761C4220FAB78200E7DBE3 /* ProgressHUD.bundle */ = {isa = PBXFileReference; lastKnownFileType = "wrapper.plug-in"; path = ProgressHUD.bundle; sourceTree = "<group>"; };
/* End PBXFileReference section */

/* Begin PBXFrameworksBuildPhase section */
		03761C0520FAA9F100E7DBE3 /* Frameworks */ = {
			isa = PBXFrameworksBuildPhase;
			buildActionMask = 2147483647;
			files = (
			);
			runOnlyForDeploymentPostprocessing = 0;
		};
		03761C1C20FAA9F200E7DBE3 /* Frameworks */ = {
			isa = PBXFrameworksBuildPhase;
			buildActionMask = 2147483647;
			files = (
			);
			runOnlyForDeploymentPostprocessing = 0;
		};
		03761C2720FAA9F200E7DBE3 /* Frameworks */ = {
			isa = PBXFrameworksBuildPhase;
			buildActionMask = 2147483647;
			files = (
			);
			runOnlyForDeploymentPostprocessing = 0;
		};
/* End PBXFrameworksBuildPhase section */

/* Begin PBXGroup section */
		03761BFF20FAA9F100E7DBE3 = {
			isa = PBXGroup;
			children = (
				03761C3C20FAB76B00E7DBE3 /* Supporting Files */,
				03761C0A20FAA9F100E7DBE3 /* ProgressBarExample */,
				03761C2220FAA9F200E7DBE3 /* ProgressBarExampleTests */,
				03761C2D20FAA9F200E7DBE3 /* ProgressBarExampleUITests */,
				03761C0920FAA9F100E7DBE3 /* Products */,
			);
			sourceTree = "<group>";
		};
		03761C0920FAA9F100E7DBE3 /* Products */ = {
			isa = PBXGroup;
			children = (
				03761C0820FAA9F100E7DBE3 /* ProgressBarExample.app */,
				03761C1F20FAA9F200E7DBE3 /* ProgressBarExampleTests.xctest */,
				03761C2A20FAA9F200E7DBE3 /* ProgressBarExampleUITests.xctest */,
			);
			name = Products;
			sourceTree = "<group>";
		};
		03761C0A20FAA9F100E7DBE3 /* ProgressBarExample */ = {
			isa = PBXGroup;
			children = (
				03761C0B20FAA9F100E7DBE3 /* AppDelegate.swift */,
				03761C0D20FAA9F100E7DBE3 /* ViewController.swift */,
				03761C0F20FAA9F100E7DBE3 /* Main.storyboard */,
				03761C1520FAA9F200E7DBE3 /* Assets.xcassets */,
				03761C1720FAA9F200E7DBE3 /* LaunchScreen.storyboard */,
				03761C1A20FAA9F200E7DBE3 /* Info.plist */,
				03761C1220FAA9F100E7DBE3 /* ProgressBarExample.xcdatamodeld */,
			);
			path = ProgressBarExample;
			sourceTree = "<group>";
		};
		03761C2220FAA9F200E7DBE3 /* ProgressBarExampleTests */ = {
			isa = PBXGroup;
			children = (
				03761C2320FAA9F200E7DBE3 /* ProgressBarExampleTests.swift */,
				03761C2520FAA9F200E7DBE3 /* Info.plist */,
			);
			path = ProgressBarExampleTests;
			sourceTree = "<group>";
		};
		03761C2D20FAA9F200E7DBE3 /* ProgressBarExampleUITests */ = {
			isa = PBXGroup;
			children = (
				03761C2E20FAA9F200E7DBE3 /* ProgressBarExampleUITests.swift */,
				03761C3020FAA9F200E7DBE3 /* Info.plist */,
			);
			path = ProgressBarExampleUITests;
			sourceTree = "<group>";
		};
		03761C3C20FAB76B00E7DBE3 /* Supporting Files */ = {
			isa = PBXGroup;
			children = (
				03761C4220FAB78200E7DBE3 /* ProgressHUD.bundle */,
				03761C4120FAB78200E7DBE3 /* ProgressHUD.h */,
				03761C4020FAB78200E7DBE3 /* ProgressHUD.m */,
				03761C3D20FAB78100E7DBE3 /* ProgressBarExample-Bridging-Header.h */,
				03761C3E20FAB78100E7DBE3 /* ProgressBarExampleTests-Bridging-Header.h */,
				03761C3F20FAB78100E7DBE3 /* ProgressBarExampleUITests-Bridging-Header.h */,
			);
			path = "Supporting Files";
			sourceTree = "<group>";
		};
/* End PBXGroup section */

/* Begin PBXNativeTarget section */
		03761C0720FAA9F100E7DBE3 /* ProgressBarExample */ = {
			isa = PBXNativeTarget;
			buildConfigurationList = 03761C3320FAA9F200E7DBE3 /* Build configuration list for PBXNativeTarget "ProgressBarExample" */;
			buildPhases = (
				03761C0420FAA9F100E7DBE3 /* Sources */,
				03761C0520FAA9F100E7DBE3 /* Frameworks */,
				03761C0620FAA9F100E7DBE3 /* Resources */,
			);
			buildRules = (
			);
			dependencies = (
			);
			name = ProgressBarExample;
			productName = ProgressBarExample;
			productReference = 03761C0820FAA9F100E7DBE3 /* ProgressBarExample.app */;
			productType = "com.apple.product-type.application";
		};
		03761C1E20FAA9F200E7DBE3 /* ProgressBarExampleTests */ = {
			isa = PBXNativeTarget;
			buildConfigurationList = 03761C3620FAA9F200E7DBE3 /* Build configuration list for PBXNativeTarget "ProgressBarExampleTests" */;
			buildPhases = (
				03761C1B20FAA9F200E7DBE3 /* Sources */,
				03761C1C20FAA9F200E7DBE3 /* Frameworks */,
				03761C1D20FAA9F200E7DBE3 /* Resources */,
			);
			buildRules = (
			);
			dependencies = (
				03761C2120FAA9F200E7DBE3 /* PBXTargetDependency */,
			);
			name = ProgressBarExampleTests;
			productName = ProgressBarExampleTests;
			productReference = 03761C1F20FAA9F200E7DBE3 /* ProgressBarExampleTests.xctest */;
			productType = "com.apple.product-type.bundle.unit-test";
		};
		03761C2920FAA9F200E7DBE3 /* ProgressBarExampleUITests */ = {
			isa = PBXNativeTarget;
			buildConfigurationList = 03761C3920FAA9F200E7DBE3 /* Build configuration list for PBXNativeTarget "ProgressBarExampleUITests" */;
			buildPhases = (
				03761C2620FAA9F200E7DBE3 /* Sources */,
				03761C2720FAA9F200E7DBE3 /* Frameworks */,
				03761C2820FAA9F200E7DBE3 /* Resources */,
			);
			buildRules = (
			);
			dependencies = (
				03761C2C20FAA9F200E7DBE3 /* PBXTargetDependency */,
			);
			name = ProgressBarExampleUITests;
			productName = ProgressBarExampleUITests;
			productReference = 03761C2A20FAA9F200E7DBE3 /* ProgressBarExampleUITests.xctest */;
			productType = "com.apple.product-type.bundle.ui-testing";
		};
/* End PBXNativeTarget section */

/* Begin PBXProject section */
		03761C0020FAA9F100E7DBE3 /* Project object */ = {
			isa = PBXProject;
			attributes = {
				KnownAssetTags = (
					1,
				);
				LastSwiftUpdateCheck = 0940;
				LastUpgradeCheck = 0940;
				ORGANIZATIONNAME = "Shawon Ashraf";
				TargetAttributes = {
					03761C0720FAA9F100E7DBE3 = {
						CreatedOnToolsVersion = 9.4.1;
						LastSwiftMigration = 0940;
					};
					03761C1E20FAA9F200E7DBE3 = {
						CreatedOnToolsVersion = 9.4.1;
						LastSwiftMigration = 0940;
						TestTargetID = 03761C0720FAA9F100E7DBE3;
					};
					03761C2920FAA9F200E7DBE3 = {
						CreatedOnToolsVersion = 9.4.1;
						LastSwiftMigration = 0940;
						TestTargetID = 03761C0720FAA9F100E7DBE3;
					};
				};
			};
			buildConfigurationList = 03761C0320FAA9F100E7DBE3 /* Build configuration list for PBXProject "ProgressBarExample" */;
			compatibilityVersion = "Xcode 9.3";
			developmentRegion = en;
			hasScannedForEncodings = 0;
			knownRegions = (
				en,
				Base,
			);
			mainGroup = 03761BFF20FAA9F100E7DBE3;
			productRefGroup = 03761C0920FAA9F100E7DBE3 /* Products */;
			projectDirPath = "";
			projectRoot = "";
			targets = (
				03761C0720FAA9F100E7DBE3 /* ProgressBarExample */,
				03761C1E20FAA9F200E7DBE3 /* ProgressBarExampleTests */,
				03761C2920FAA9F200E7DBE3 /* ProgressBarExampleUITests */,
			);
		};
/* End PBXProject section */

/* Begin PBXResourcesBuildPhase section */
		03761C0620FAA9F100E7DBE3 /* Resources */ = {
			isa = PBXResourcesBuildPhase;
			buildActionMask = 2147483647;
			files = (
				03761C4620FAB78200E7DBE3 /* ProgressHUD.bundle in Resources */,
				03761C1920FAA9F200E7DBE3 /* LaunchScreen.storyboard in Resources */,
				03761C1620FAA9F200E7DBE3 /* Assets.xcassets in Resources */,
				03761C1120FAA9F100E7DBE3 /* Main.storyboard in Resources */,
			);
			runOnlyForDeploymentPostprocessing = 0;
		};
		03761C1D20FAA9F200E7DBE3 /* Resources */ = {
			isa = PBXResourcesBuildPhase;
			buildActionMask = 2147483647;
			files = (
				03761C4720FAB78200E7DBE3 /* ProgressHUD.bundle in Resources */,
			);
			runOnlyForDeploymentPostprocessing = 0;
		};
		03761C2820FAA9F200E7DBE3 /* Resources */ = {
			isa = PBXResourcesBuildPhase;
			buildActionMask = 2147483647;
			files = (
				03761C4820FAB78200E7DBE3 /* ProgressHUD.bundle in Resources */,
			);
			runOnlyForDeploymentPostprocessing = 0;
		};
/* End PBXResourcesBuildPhase section */

/* Begin PBXSourcesBuildPhase section */
		03761C0420FAA9F100E7DBE3 /* Sources */ = {
			isa = PBXSourcesBuildPhase;
			buildActionMask = 2147483647;
			files = (
				03761C0E20FAA9F100E7DBE3 /* ViewController.swift in Sources */,
				03761C0C20FAA9F100E7DBE3 /* AppDelegate.swift in Sources */,
				03761C4320FAB78200E7DBE3 /* ProgressHUD.m in Sources */,
				03761C1420FAA9F100E7DBE3 /* ProgressBarExample.xcdatamodeld in Sources */,
			);
			runOnlyForDeploymentPostprocessing = 0;
		};
		03761C1B20FAA9F200E7DBE3 /* Sources */ = {
			isa = PBXSourcesBuildPhase;
			buildActionMask = 2147483647;
			files = (
				03761C4420FAB78200E7DBE3 /* ProgressHUD.m in Sources */,
				03761C2420FAA9F200E7DBE3 /* ProgressBarExampleTests.swift in Sources */,
			);
			runOnlyForDeploymentPostprocessing = 0;
		};
		03761C2620FAA9F200E7DBE3 /* Sources */ = {
			isa = PBXSourcesBuildPhase;
			buildActionMask = 2147483647;
			files = (
				03761C4520FAB78200E7DBE3 /* ProgressHUD.m in Sources */,
				03761C2F20FAA9F200E7DBE3 /* ProgressBarExampleUITests.swift in Sources */,
			);
			runOnlyForDeploymentPostprocessing = 0;
		};
/* End PBXSourcesBuildPhase section */

/* Begin PBXTargetDependency section */
		03761C2120FAA9F200E7DBE3 /* PBXTargetDependency */ = {
			isa = PBXTargetDependency;
			target = 03761C0720FAA9F100E7DBE3 /* ProgressBarExample */;
			targetProxy = 03761C2020FAA9F200E7DBE3 /* PBXContainerItemProxy */;
		};
		03761C2C20FAA9F200E7DBE3 /* PBXTargetDependency */ = {
			isa = PBXTargetDependency;
			target = 03761C0720FAA9F100E7DBE3 /* ProgressBarExample */;
			targetProxy = 03761C2B20FAA9F200E7DBE3 /* PBXContainerItemProxy */;
		};
/* End PBXTargetDependency section */

/* Begin PBXVariantGroup section */
		03761C0F20FAA9F100E7DBE3 /* Main.storyboard */ = {
			isa = PBXVariantGroup;
			children = (
				03761C1020FAA9F100E7DBE3 /* Base */,
			);
			name = Main.storyboard;
			sourceTree = "<group>";
		};
		03761C1720FAA9F200E7DBE3 /* LaunchScreen.storyboard */ = {
			isa = PBXVariantGroup;
			children = (
				03761C1820FAA9F200E7DBE3 /* Base */,
			);
			name = LaunchScreen.storyboard;
			sourceTree = "<group>";
		};
/* End PBXVariantGroup section */

/* Begin XCBuildConfiguration section */
		03761C3120FAA9F200E7DBE3 /* Debug */ = {
			isa = XCBuildConfiguration;
			buildSettings = {
				ALWAYS_SEARCH_USER_PATHS = NO;
				CLANG_ANALYZER_NONNULL = YES;
				CLANG_ANALYZER_NUMBER_OBJECT_CONVERSION = YES_AGGRESSIVE;
				CLANG_CXX_LANGUAGE_STANDARD = "gnu++14";
				CLANG_CXX_LIBRARY = "libc++";
				CLANG_ENABLE_MODULES = YES;
				CLANG_ENABLE_OBJC_ARC = YES;
				CLANG_ENABLE_OBJC_WEAK = YES;
				CLANG_WARN_BLOCK_CAPTURE_AUTORELEASING = YES;
				CLANG_WARN_BOOL_CONVERSION = YES;
				CLANG_WARN_COMMA = YES;
				CLANG_WARN_CONSTANT_CONVERSION = YES;
				CLANG_WARN_DEPRECATED_OBJC_IMPLEMENTATIONS = YES;
				CLANG_WARN_DIRECT_OBJC_ISA_USAGE = YES_ERROR;
				CLANG_WARN_DOCUMENTATION_COMMENTS = YES;
				CLANG_WARN_EMPTY_BODY = YES;
				CLANG_WARN_ENUM_CONVERSION = YES;
				CLANG_WARN_INFINITE_RECURSION = YES;
				CLANG_WARN_INT_CONVERSION = YES;
				CLANG_WARN_NON_LITERAL_NULL_CONVERSION = YES;
				CLANG_WARN_OBJC_IMPLICIT_RETAIN_SELF = YES;
				CLANG_WARN_OBJC_LITERAL_CONVERSION = YES;
				CLANG_WARN_OBJC_ROOT_CLASS = YES_ERROR;
				CLANG_WARN_RANGE_LOOP_ANALYSIS = YES;
				CLANG_WARN_STRICT_PROTOTYPES = YES;
				CLANG_WARN_SUSPICIOUS_MOVE = YES;
				CLANG_WARN_UNGUARDED_AVAILABILITY = YES_AGGRESSIVE;
				CLANG_WARN_UNREACHABLE_CODE = YES;
				CLANG_WARN__DUPLICATE_METHOD_MATCH = YES;
				CODE_SIGN_IDENTITY = "iPhone Developer";
				COPY_PHASE_STRIP = NO;
				DEBUG_INFORMATION_FORMAT = dwarf;
				ENABLE_STRICT_OBJC_MSGSEND = YES;
				ENABLE_TESTABILITY = YES;
				GCC_C_LANGUAGE_STANDARD = gnu11;
				GCC_DYNAMIC_NO_PIC = NO;
				GCC_NO_COMMON_BLOCKS = YES;
				GCC_OPTIMIZATION_LEVEL = 0;
				GCC_PREPROCESSOR_DEFINITIONS = (
					"DEBUG=1",
					"$(inherited)",
				);
				GCC_WARN_64_TO_32_BIT_CONVERSION = YES;
				GCC_WARN_ABOUT_RETURN_TYPE = YES_ERROR;
				GCC_WARN_UNDECLARED_SELECTOR = YES;
				GCC_WARN_UNINITIALIZED_AUTOS = YES_AGGRESSIVE;
				GCC_WARN_UNUSED_FUNCTION = YES;
				GCC_WARN_UNUSED_VARIABLE = YES;
				IPHONEOS_DEPLOYMENT_TARGET = 11.4;
				MTL_ENABLE_DEBUG_INFO = YES;
				ONLY_ACTIVE_ARCH = YES;
				SDKROOT = iphoneos;
				SWIFT_ACTIVE_COMPILATION_CONDITIONS = DEBUG;
				SWIFT_OPTIMIZATION_LEVEL = "-Onone";
			};
			name = Debug;
		};
		03761C3220FAA9F200E7DBE3 /* Release */ = {
			isa = XCBuildConfiguration;
			buildSettings = {
				ALWAYS_SEARCH_USER_PATHS = NO;
				CLANG_ANALYZER_NONNULL = YES;
				CLANG_ANALYZER_NUMBER_OBJECT_CONVERSION = YES_AGGRESSIVE;
				CLANG_CXX_LANGUAGE_STANDARD = "gnu++14";
				CLANG_CXX_LIBRARY = "libc++";
				CLANG_ENABLE_MODULES = YES;
				CLANG_ENABLE_OBJC_ARC = YES;
				CLANG_ENABLE_OBJC_WEAK = YES;
				CLANG_WARN_BLOCK_CAPTURE_AUTORELEASING = YES;
				CLANG_WARN_BOOL_CONVERSION = YES;
				CLANG_WARN_COMMA = YES;
				CLANG_WARN_CONSTANT_CONVERSION = YES;
				CLANG_WARN_DEPRECATED_OBJC_IMPLEMENTATIONS = YES;
				CLANG_WARN_DIRECT_OBJC_ISA_USAGE = YES_ERROR;
				CLANG_WARN_DOCUMENTATION_COMMENTS = YES;
				CLANG_WARN_EMPTY_BODY = YES;
				CLANG_WARN_ENUM_CONVERSION = YES;
				CLANG_WARN_INFINITE_RECURSION = YES;
				CLANG_WARN_INT_CONVERSION = YES;
				CLANG_WARN_NON_LITERAL_NULL_CONVERSION = YES;
				CLANG_WARN_OBJC_IMPLICIT_RETAIN_SELF = YES;
				CLANG_WARN_OBJC_LITERAL_CONVERSION = YES;
				CLANG_WARN_OBJC_ROOT_CLASS = YES_ERROR;
				CLANG_WARN_RANGE_LOOP_ANALYSIS = YES;
				CLANG_WARN_STRICT_PROTOTYPES = YES;
				CLANG_WARN_SUSPICIOUS_MOVE = YES;
				CLANG_WARN_UNGUARDED_AVAILABILITY = YES_AGGRESSIVE;
				CLANG_WARN_UNREACHABLE_CODE = YES;
				CLANG_WARN__DUPLICATE_METHOD_MATCH = YES;
				CODE_SIGN_IDENTITY = "iPhone Developer";
				COPY_PHASE_STRIP = NO;
				DEBUG_INFORMATION_FORMAT = "dwarf-with-dsym";
				ENABLE_NS_ASSERTIONS = NO;
				ENABLE_STRICT_OBJC_MSGSEND = YES;
				GCC_C_LANGUAGE_STANDARD = gnu11;
				GCC_NO_COMMON_BLOCKS = YES;
				GCC_WARN_64_TO_32_BIT_CONVERSION = YES;
				GCC_WARN_ABOUT_RETURN_TYPE = YES_ERROR;
				GCC_WARN_UNDECLARED_SELECTOR = YES;
				GCC_WARN_UNINITIALIZED_AUTOS = YES_AGGRESSIVE;
				GCC_WARN_UNUSED_FUNCTION = YES;
				GCC_WARN_UNUSED_VARIABLE = YES;
				IPHONEOS_DEPLOYMENT_TARGET = 11.4;
				MTL_ENABLE_DEBUG_INFO = NO;
				SDKROOT = iphoneos;
				SWIFT_COMPILATION_MODE = wholemodule;
				SWIFT_OPTIMIZATION_LEVEL = "-O";
				VALIDATE_PRODUCT = YES;
			};
			name = Release;
		};
		03761C3420FAA9F200E7DBE3 /* Debug */ = {
			isa = XCBuildConfiguration;
			buildSettings = {
				ASSETCATALOG_COMPILER_APPICON_NAME = AppIcon;
				CLANG_ENABLE_MODULES = YES;
				CODE_SIGN_STYLE = Automatic;
				DEVELOPMENT_TEAM = VF3Y7UU4D6;
				INFOPLIST_FILE = ProgressBarExample/Info.plist;
				LD_RUNPATH_SEARCH_PATHS = (
					"$(inherited)",
					"@executable_path/Frameworks",
				);
				PRODUCT_BUNDLE_IDENTIFIER = com.shawonashraf.ProgressBarExample;
				PRODUCT_NAME = "$(TARGET_NAME)";
				SWIFT_OBJC_BRIDGING_HEADER = "Supporting Files/ProgressBarExample-Bridging-Header.h";
				SWIFT_OPTIMIZATION_LEVEL = "-Onone";
				SWIFT_VERSION = 4.0;
				TARGETED_DEVICE_FAMILY = "1,2";
			};
			name = Debug;
		};
		03761C3520FAA9F200E7DBE3 /* Release */ = {
			isa = XCBuildConfiguration;
			buildSettings = {
				ASSETCATALOG_COMPILER_APPICON_NAME = AppIcon;
				CLANG_ENABLE_MODULES = YES;
				CODE_SIGN_STYLE = Automatic;
				DEVELOPMENT_TEAM = VF3Y7UU4D6;
				INFOPLIST_FILE = ProgressBarExample/Info.plist;
				LD_RUNPATH_SEARCH_PATHS = (
					"$(inherited)",
					"@executable_path/Frameworks",
				);
				PRODUCT_BUNDLE_IDENTIFIER = com.shawonashraf.ProgressBarExample;
				PRODUCT_NAME = "$(TARGET_NAME)";
				SWIFT_OBJC_BRIDGING_HEADER = "Supporting Files/ProgressBarExample-Bridging-Header.h";
				SWIFT_VERSION = 4.0;
				TARGETED_DEVICE_FAMILY = "1,2";
			};
			name = Release;
		};
		03761C3720FAA9F200E7DBE3 /* Debug */ = {
			isa = XCBuildConfiguration;
			buildSettings = {
				ALWAYS_EMBED_SWIFT_STANDARD_LIBRARIES = YES;
				BUNDLE_LOADER = "$(TEST_HOST)";
				CLANG_ENABLE_MODULES = YES;
				CODE_SIGN_STYLE = Automatic;
				DEVELOPMENT_TEAM = VF3Y7UU4D6;
				INFOPLIST_FILE = ProgressBarExampleTests/Info.plist;
				LD_RUNPATH_SEARCH_PATHS = (
					"$(inherited)",
					"@executable_path/Frameworks",
					"@loader_path/Frameworks",
				);
				PRODUCT_BUNDLE_IDENTIFIER = com.shawonashraf.ProgressBarExampleTests;
				PRODUCT_NAME = "$(TARGET_NAME)";
				SWIFT_OBJC_BRIDGING_HEADER = "Supporting Files/ProgressBarExampleTests-Bridging-Header.h";
				SWIFT_OPTIMIZATION_LEVEL = "-Onone";
				SWIFT_VERSION = 4.0;
				TARGETED_DEVICE_FAMILY = "1,2";
				TEST_HOST = "$(BUILT_PRODUCTS_DIR)/ProgressBarExample.app/ProgressBarExample";
			};
			name = Debug;
		};
		03761C3820FAA9F200E7DBE3 /* Release */ = {
			isa = XCBuildConfiguration;
			buildSettings = {
				ALWAYS_EMBED_SWIFT_STANDARD_LIBRARIES = YES;
				BUNDLE_LOADER = "$(TEST_HOST)";
				CLANG_ENABLE_MODULES = YES;
				CODE_SIGN_STYLE = Automatic;
				DEVELOPMENT_TEAM = VF3Y7UU4D6;
				INFOPLIST_FILE = ProgressBarExampleTests/Info.plist;
				LD_RUNPATH_SEARCH_PATHS = (
					"$(inherited)",
					"@executable_path/Frameworks",
					"@loader_path/Frameworks",
				);
				PRODUCT_BUNDLE_IDENTIFIER = com.shawonashraf.ProgressBarExampleTests;
				PRODUCT_NAME = "$(TARGET_NAME)";
				SWIFT_OBJC_BRIDGING_HEADER = "Supporting Files/ProgressBarExampleTests-Bridging-Header.h";
				SWIFT_VERSION = 4.0;
				TARGETED_DEVICE_FAMILY = "1,2";
				TEST_HOST = "$(BUILT_PRODUCTS_DIR)/ProgressBarExample.app/ProgressBarExample";
			};
			name = Release;
		};
		03761C3A20FAA9F200E7DBE3 /* Debug */ = {
			isa = XCBuildConfiguration;
			buildSettings = {
				ALWAYS_EMBED_SWIFT_STANDARD_LIBRARIES = YES;
				CLANG_ENABLE_MODULES = YES;
				CODE_SIGN_STYLE = Automatic;
				DEVELOPMENT_TEAM = VF3Y7UU4D6;
				INFOPLIST_FILE = ProgressBarExampleUITests/Info.plist;
				LD_RUNPATH_SEARCH_PATHS = (
					"$(inherited)",
					"@executable_path/Frameworks",
					"@loader_path/Frameworks",
				);
				PRODUCT_BUNDLE_IDENTIFIER = com.shawonashraf.ProgressBarExampleUITests;
				PRODUCT_NAME = "$(TARGET_NAME)";
				SWIFT_OBJC_BRIDGING_HEADER = "Supporting Files/ProgressBarExampleUITests-Bridging-Header.h";
				SWIFT_OPTIMIZATION_LEVEL = "-Onone";
				SWIFT_VERSION = 4.0;
				TARGETED_DEVICE_FAMILY = "1,2";
				TEST_TARGET_NAME = ProgressBarExample;
			};
			name = Debug;
		};
		03761C3B20FAA9F200E7DBE3 /* Release */ = {
			isa = XCBuildConfiguration;
			buildSettings = {
				ALWAYS_EMBED_SWIFT_STANDARD_LIBRARIES = YES;
				CLANG_ENABLE_MODULES = YES;
				CODE_SIGN_STYLE = Automatic;
				DEVELOPMENT_TEAM = VF3Y7UU4D6;
				INFOPLIST_FILE = ProgressBarExampleUITests/Info.plist;
				LD_RUNPATH_SEARCH_PATHS = (
					"$(inherited)",
					"@executable_path/Frameworks",
					"@loader_path/Frameworks",
				);
				PRODUCT_BUNDLE_IDENTIFIER = com.shawonashraf.ProgressBarExampleUITests;
				PRODUCT_NAME = "$(TARGET_NAME)";
				SWIFT_OBJC_BRIDGING_HEADER = "Supporting Files/ProgressBarExampleUITests-Bridging-Header.h";
				SWIFT_VERSION = 4.0;
				TARGETED_DEVICE_FAMILY = "1,2";
				TEST_TARGET_NAME = ProgressBarExample;
			};
			name = Release;
		};
/* End XCBuildConfiguration section */

/* Begin XCConfigurationList section */
		03761C0320FAA9F100E7DBE3 /* Build configuration list for PBXProject "ProgressBarExample" */ = {
			isa = XCConfigurationList;
			buildConfigurations = (
				03761C3120FAA9F200E7DBE3 /* Debug */,
				03761C3220FAA9F200E7DBE3 /* Release */,
			);
			defaultConfigurationIsVisible = 0;
			defaultConfigurationName = Release;
		};
		03761C3320FAA9F200E7DBE3 /* Build configuration list for PBXNativeTarget "ProgressBarExample" */ = {
			isa = XCConfigurationList;
			buildConfigurations = (
				03761C3420FAA9F200E7DBE3 /* Debug */,
				03761C3520FAA9F200E7DBE3 /* Release */,
			);
			defaultConfigurationIsVisible = 0;
			defaultConfigurationName = Release;
		};
		03761C3620FAA9F200E7DBE3 /* Build configuration list for PBXNativeTarget "ProgressBarExampleTests" */ = {
			isa = XCConfigurationList;
			buildConfigurations = (
				03761C3720FAA9F200E7DBE3 /* Debug */,
				03761C3820FAA9F200E7DBE3 /* Release */,
			);
			defaultConfigurationIsVisible = 0;
			defaultConfigurationName = Release;
		};
		03761C3920FAA9F200E7DBE3 /* Build configuration list for PBXNativeTarget "ProgressBarExampleUITests" */ = {
			isa = XCConfigurationList;
			buildConfigurations = (
				03761C3A20FAA9F200E7DBE3 /* Debug */,
				03761C3B20FAA9F200E7DBE3 /* Release */,
			);
			defaultConfigurationIsVisible = 0;
			defaultConfigurationName = Release;
		};
/* End XCConfigurationList section */

/* Begin XCVersionGroup section */
		03761C1220FAA9F100E7DBE3 /* ProgressBarExample.xcdatamodeld */ = {
			isa = XCVersionGroup;
			children = (
				03761C1320FAA9F100E7DBE3 /* ProgressBarExample.xcdatamodel */,
			);
			currentVersion = 03761C1320FAA9F100E7DBE3 /* ProgressBarExample.xcdatamodel */;
			path = ProgressBarExample.xcdatamodeld;
			sourceTree = "<group>";
			versionGroupType = wrapper.xcdatamodel;
		};
/* End XCVersionGroup section */
	};
	rootObject = 03761C0020FAA9F100E7DBE3 /* Project object */;
}
