// !$*UTF8*$!
{
	archiveVersion = 1;
	classes = {
	};
	objectVersion = 50;
	objects = {

/* Begin PBXBuildFile section */
		03357C3A20CFEBAD006976EB /* AppDelegate.swift in Sources */ = {isa = PBXBuildFile; fileRef = 03357C3920CFEBAD006976EB /* AppDelegate.swift */; };
		03357C3C20CFEBAD006976EB /* ViewController.swift in Sources */ = {isa = PBXBuildFile; fileRef = 03357C3B20CFEBAD006976EB /* ViewController.swift */; };
		03357C3F20CFEBAD006976EB /* Main.storyboard in Resources */ = {isa = PBXBuildFile; fileRef = 03357C3D20CFEBAD006976EB /* Main.storyboard */; };
		03357C4220CFEBAD006976EB /* I_Am_Poor.xcdatamodeld in Sources */ = {isa = PBXBuildFile; fileRef = 03357C4020CFEBAD006976EB /* I_Am_Poor.xcdatamodeld */; };
		03357C4420CFEBAF006976EB /* Assets.xcassets in Resources */ = {isa = PBXBuildFile; fileRef = 03357C4320CFEBAF006976EB /* Assets.xcassets */; };
		03357C4720CFEBAF006976EB /* LaunchScreen.storyboard in Resources */ = {isa = PBXBuildFile; fileRef = 03357C4520CFEBAF006976EB /* LaunchScreen.storyboard */; };
		03357C5220CFEBAF006976EB /* I_Am_PoorTests.swift in Sources */ = {isa = PBXBuildFile; fileRef = 03357C5120CFEBAF006976EB /* I_Am_PoorTests.swift */; };
		03357C5D20CFEBAF006976EB /* I_Am_PoorUITests.swift in Sources */ = {isa = PBXBuildFile; fileRef = 03357C5C20CFEBAF006976EB /* I_Am_PoorUITests.swift */; };
/* End PBXBuildFile section */

/* Begin PBXContainerItemProxy section */
		03357C4E20CFEBAF006976EB /* PBXContainerItemProxy */ = {
			isa = PBXContainerItemProxy;
			containerPortal = 03357C2E20CFEBAD006976EB /* Project object */;
			proxyType = 1;
			remoteGlobalIDString = 03357C3520CFEBAD006976EB;
			remoteInfo = "I Am Poor";
		};
		03357C5920CFEBAF006976EB /* PBXContainerItemProxy */ = {
			isa = PBXContainerItemProxy;
			containerPortal = 03357C2E20CFEBAD006976EB /* Project object */;
			proxyType = 1;
			remoteGlobalIDString = 03357C3520CFEBAD006976EB;
			remoteInfo = "I Am Poor";
		};
/* End PBXContainerItemProxy section */

/* Begin PBXFileReference section */
		03357C3620CFEBAD006976EB /* I Am Poor.app */ = {isa = PBXFileReference; explicitFileType = wrapper.application; includeInIndex = 0; path = "I Am Poor.app"; sourceTree = BUILT_PRODUCTS_DIR; };
		03357C3920CFEBAD006976EB /* AppDelegate.swift */ = {isa = PBXFileReference; lastKnownFileType = sourcecode.swift; path = AppDelegate.swift; sourceTree = "<group>"; };
		03357C3B20CFEBAD006976EB /* ViewController.swift */ = {isa = PBXFileReference; lastKnownFileType = sourcecode.swift; path = ViewController.swift; sourceTree = "<group>"; };
		03357C3E20CFEBAD006976EB /* Base */ = {isa = PBXFileReference; lastKnownFileType = file.storyboard; name = Base; path = Base.lproj/Main.storyboard; sourceTree = "<group>"; };
		03357C4120CFEBAD006976EB /* I_Am_Poor.xcdatamodel */ = {isa = PBXFileReference; lastKnownFileType = wrapper.xcdatamodel; path = I_Am_Poor.xcdatamodel; sourceTree = "<group>"; };
		03357C4320CFEBAF006976EB /* Assets.xcassets */ = {isa = PBXFileReference; lastKnownFileType = folder.assetcatalog; path = Assets.xcassets; sourceTree = "<group>"; };
		03357C4620CFEBAF006976EB /* Base */ = {isa = PBXFileReference; lastKnownFileType = file.storyboard; name = Base; path = Base.lproj/LaunchScreen.storyboard; sourceTree = "<group>"; };
		03357C4820CFEBAF006976EB /* Info.plist */ = {isa = PBXFileReference; lastKnownFileType = text.plist.xml; path = Info.plist; sourceTree = "<group>"; };
		03357C4D20CFEBAF006976EB /* I Am PoorTests.xctest */ = {isa = PBXFileReference; explicitFileType = wrapper.cfbundle; includeInIndex = 0; path = "I Am PoorTests.xctest"; sourceTree = BUILT_PRODUCTS_DIR; };
		03357C5120CFEBAF006976EB /* I_Am_PoorTests.swift */ = {isa = PBXFileReference; lastKnownFileType = sourcecode.swift; path = I_Am_PoorTests.swift; sourceTree = "<group>"; };
		03357C5320CFEBAF006976EB /* Info.plist */ = {isa = PBXFileReference; lastKnownFileType = text.plist.xml; path = Info.plist; sourceTree = "<group>"; };
		03357C5820CFEBAF006976EB /* I Am PoorUITests.xctest */ = {isa = PBXFileReference; explicitFileType = wrapper.cfbundle; includeInIndex = 0; path = "I Am PoorUITests.xctest"; sourceTree = BUILT_PRODUCTS_DIR; };
		03357C5C20CFEBAF006976EB /* I_Am_PoorUITests.swift */ = {isa = PBXFileReference; lastKnownFileType = sourcecode.swift; path = I_Am_PoorUITests.swift; sourceTree = "<group>"; };
		03357C5E20CFEBAF006976EB /* Info.plist */ = {isa = PBXFileReference; lastKnownFileType = text.plist.xml; path = Info.plist; sourceTree = "<group>"; };
/* End PBXFileReference section */

/* Begin PBXFrameworksBuildPhase section */
		03357C3320CFEBAD006976EB /* Frameworks */ = {
			isa = PBXFrameworksBuildPhase;
			buildActionMask = 2147483647;
			files = (
			);
			runOnlyForDeploymentPostprocessing = 0;
		};
		03357C4A20CFEBAF006976EB /* Frameworks */ = {
			isa = PBXFrameworksBuildPhase;
			buildActionMask = 2147483647;
			files = (
			);
			runOnlyForDeploymentPostprocessing = 0;
		};
		03357C5520CFEBAF006976EB /* Frameworks */ = {
			isa = PBXFrameworksBuildPhase;
			buildActionMask = 2147483647;
			files = (
			);
			runOnlyForDeploymentPostprocessing = 0;
		};
/* End PBXFrameworksBuildPhase section */

/* Begin PBXGroup section */
		03357C2D20CFEBAD006976EB = {
			isa = PBXGroup;
			children = (
				03357C3820CFEBAD006976EB /* I Am Poor */,
				03357C5020CFEBAF006976EB /* I Am PoorTests */,
				03357C5B20CFEBAF006976EB /* I Am PoorUITests */,
				03357C3720CFEBAD006976EB /* Products */,
			);
			sourceTree = "<group>";
		};
		03357C3720CFEBAD006976EB /* Products */ = {
			isa = PBXGroup;
			children = (
				03357C3620CFEBAD006976EB /* I Am Poor.app */,
				03357C4D20CFEBAF006976EB /* I Am PoorTests.xctest */,
				03357C5820CFEBAF006976EB /* I Am PoorUITests.xctest */,
			);
			name = Products;
			sourceTree = "<group>";
		};
		03357C3820CFEBAD006976EB /* I Am Poor */ = {
			isa = PBXGroup;
			children = (
				03357C3920CFEBAD006976EB /* AppDelegate.swift */,
				03357C3B20CFEBAD006976EB /* ViewController.swift */,
				03357C3D20CFEBAD006976EB /* Main.storyboard */,
				03357C4320CFEBAF006976EB /* Assets.xcassets */,
				03357C4520CFEBAF006976EB /* LaunchScreen.storyboard */,
				03357C4820CFEBAF006976EB /* Info.plist */,
				03357C4020CFEBAD006976EB /* I_Am_Poor.xcdatamodeld */,
			);
			path = "I Am Poor";
			sourceTree = "<group>";
		};
		03357C5020CFEBAF006976EB /* I Am PoorTests */ = {
			isa = PBXGroup;
			children = (
				03357C5120CFEBAF006976EB /* I_Am_PoorTests.swift */,
				03357C5320CFEBAF006976EB /* Info.plist */,
			);
			path = "I Am PoorTests";
			sourceTree = "<group>";
		};
		03357C5B20CFEBAF006976EB /* I Am PoorUITests */ = {
			isa = PBXGroup;
			children = (
				03357C5C20CFEBAF006976EB /* I_Am_PoorUITests.swift */,
				03357C5E20CFEBAF006976EB /* Info.plist */,
			);
			path = "I Am PoorUITests";
			sourceTree = "<group>";
		};
/* End PBXGroup section */

/* Begin PBXNativeTarget section */
		03357C3520CFEBAD006976EB /* I Am Poor */ = {
			isa = PBXNativeTarget;
			buildConfigurationList = 03357C6120CFEBAF006976EB /* Build configuration list for PBXNativeTarget "I Am Poor" */;
			buildPhases = (
				03357C3220CFEBAD006976EB /* Sources */,
				03357C3320CFEBAD006976EB /* Frameworks */,
				03357C3420CFEBAD006976EB /* Resources */,
			);
			buildRules = (
			);
			dependencies = (
			);
			name = "I Am Poor";
			productName = "I Am Poor";
			productReference = 03357C3620CFEBAD006976EB /* I Am Poor.app */;
			productType = "com.apple.product-type.application";
		};
		03357C4C20CFEBAF006976EB /* I Am PoorTests */ = {
			isa = PBXNativeTarget;
			buildConfigurationList = 03357C6420CFEBAF006976EB /* Build configuration list for PBXNativeTarget "I Am PoorTests" */;
			buildPhases = (
				03357C4920CFEBAF006976EB /* Sources */,
				03357C4A20CFEBAF006976EB /* Frameworks */,
				03357C4B20CFEBAF006976EB /* Resources */,
			);
			buildRules = (
			);
			dependencies = (
				03357C4F20CFEBAF006976EB /* PBXTargetDependency */,
			);
			name = "I Am PoorTests";
			productName = "I Am PoorTests";
			productReference = 03357C4D20CFEBAF006976EB /* I Am PoorTests.xctest */;
			productType = "com.apple.product-type.bundle.unit-test";
		};
		03357C5720CFEBAF006976EB /* I Am PoorUITests */ = {
			isa = PBXNativeTarget;
			buildConfigurationList = 03357C6720CFEBAF006976EB /* Build configuration list for PBXNativeTarget "I Am PoorUITests" */;
			buildPhases = (
				03357C5420CFEBAF006976EB /* Sources */,
				03357C5520CFEBAF006976EB /* Frameworks */,
				03357C5620CFEBAF006976EB /* Resources */,
			);
			buildRules = (
			);
			dependencies = (
				03357C5A20CFEBAF006976EB /* PBXTargetDependency */,
			);
			name = "I Am PoorUITests";
			productName = "I Am PoorUITests";
			productReference = 03357C5820CFEBAF006976EB /* I Am PoorUITests.xctest */;
			productType = "com.apple.product-type.bundle.ui-testing";
		};
/* End PBXNativeTarget section */

/* Begin PBXProject section */
		03357C2E20CFEBAD006976EB /* Project object */ = {
			isa = PBXProject;
			attributes = {
				LastSwiftUpdateCheck = 0940;
				LastUpgradeCheck = 0940;
				ORGANIZATIONNAME = "Shawon Ashraf";
				TargetAttributes = {
					03357C3520CFEBAD006976EB = {
						CreatedOnToolsVersion = 9.4;
					};
					03357C4C20CFEBAF006976EB = {
						CreatedOnToolsVersion = 9.4;
						TestTargetID = 03357C3520CFEBAD006976EB;
					};
					03357C5720CFEBAF006976EB = {
						CreatedOnToolsVersion = 9.4;
						TestTargetID = 03357C3520CFEBAD006976EB;
					};
				};
			};
			buildConfigurationList = 03357C3120CFEBAD006976EB /* Build configuration list for PBXProject "I Am Poor" */;
			compatibilityVersion = "Xcode 9.3";
			developmentRegion = en;
			hasScannedForEncodings = 0;
			knownRegions = (
				en,
				Base,
			);
			mainGroup = 03357C2D20CFEBAD006976EB;
			productRefGroup = 03357C3720CFEBAD006976EB /* Products */;
			projectDirPath = "";
			projectRoot = "";
			targets = (
				03357C3520CFEBAD006976EB /* I Am Poor */,
				03357C4C20CFEBAF006976EB /* I Am PoorTests */,
				03357C5720CFEBAF006976EB /* I Am PoorUITests */,
			);
		};
/* End PBXProject section */

/* Begin PBXResourcesBuildPhase section */
		03357C3420CFEBAD006976EB /* Resources */ = {
			isa = PBXResourcesBuildPhase;
			buildActionMask = 2147483647;
			files = (
				03357C4720CFEBAF006976EB /* LaunchScreen.storyboard in Resources */,
				03357C4420CFEBAF006976EB /* Assets.xcassets in Resources */,
				03357C3F20CFEBAD006976EB /* Main.storyboard in Resources */,
			);
			runOnlyForDeploymentPostprocessing = 0;
		};
		03357C4B20CFEBAF006976EB /* Resources */ = {
			isa = PBXResourcesBuildPhase;
			buildActionMask = 2147483647;
			files = (
			);
			runOnlyForDeploymentPostprocessing = 0;
		};
		03357C5620CFEBAF006976EB /* Resources */ = {
			isa = PBXResourcesBuildPhase;
			buildActionMask = 2147483647;
			files = (
			);
			runOnlyForDeploymentPostprocessing = 0;
		};
/* End PBXResourcesBuildPhase section */

/* Begin PBXSourcesBuildPhase section */
		03357C3220CFEBAD006976EB /* Sources */ = {
			isa = PBXSourcesBuildPhase;
			buildActionMask = 2147483647;
			files = (
				03357C3C20CFEBAD006976EB /* ViewController.swift in Sources */,
				03357C3A20CFEBAD006976EB /* AppDelegate.swift in Sources */,
				03357C4220CFEBAD006976EB /* I_Am_Poor.xcdatamodeld in Sources */,
			);
			runOnlyForDeploymentPostprocessing = 0;
		};
		03357C4920CFEBAF006976EB /* Sources */ = {
			isa = PBXSourcesBuildPhase;
			buildActionMask = 2147483647;
			files = (
				03357C5220CFEBAF006976EB /* I_Am_PoorTests.swift in Sources */,
			);
			runOnlyForDeploymentPostprocessing = 0;
		};
		03357C5420CFEBAF006976EB /* Sources */ = {
			isa = PBXSourcesBuildPhase;
			buildActionMask = 2147483647;
			files = (
				03357C5D20CFEBAF006976EB /* I_Am_PoorUITests.swift in Sources */,
			);
			runOnlyForDeploymentPostprocessing = 0;
		};
/* End PBXSourcesBuildPhase section */

/* Begin PBXTargetDependency section */
		03357C4F20CFEBAF006976EB /* PBXTargetDependency */ = {
			isa = PBXTargetDependency;
			target = 03357C3520CFEBAD006976EB /* I Am Poor */;
			targetProxy = 03357C4E20CFEBAF006976EB /* PBXContainerItemProxy */;
		};
		03357C5A20CFEBAF006976EB /* PBXTargetDependency */ = {
			isa = PBXTargetDependency;
			target = 03357C3520CFEBAD006976EB /* I Am Poor */;
			targetProxy = 03357C5920CFEBAF006976EB /* PBXContainerItemProxy */;
		};
/* End PBXTargetDependency section */

/* Begin PBXVariantGroup section */
		03357C3D20CFEBAD006976EB /* Main.storyboard */ = {
			isa = PBXVariantGroup;
			children = (
				03357C3E20CFEBAD006976EB /* Base */,
			);
			name = Main.storyboard;
			sourceTree = "<group>";
		};
		03357C4520CFEBAF006976EB /* LaunchScreen.storyboard */ = {
			isa = PBXVariantGroup;
			children = (
				03357C4620CFEBAF006976EB /* Base */,
			);
			name = LaunchScreen.storyboard;
			sourceTree = "<group>";
		};
/* End PBXVariantGroup section */

/* Begin XCBuildConfiguration section */
		03357C5F20CFEBAF006976EB /* Debug */ = {
			isa = XCBuildConfiguration;
			buildSettings = {
				ALWAYS_SEARCH_USER_PATHS = NO;
				CLANG_ANALYZER_NONNULL = YES;
				CLANG_ANALYZER_NUMBER_OBJECT_CONVERSION = YES_AGGRESSIVE;
				CLANG_CXX_LANGUAGE_STANDARD = "gnu++14";
				CLANG_CXX_LIBRARY = "libc++";
				CLANG_ENABLE_MODULES = YES;
				CLANG_ENABLE_OBJC_ARC = YES;
				CLANG_ENABLE_OBJC_WEAK = YES;
				CLANG_WARN_BLOCK_CAPTURE_AUTORELEASING = YES;
				CLANG_WARN_BOOL_CONVERSION = YES;
				CLANG_WARN_COMMA = YES;
				CLANG_WARN_CONSTANT_CONVERSION = YES;
				CLANG_WARN_DEPRECATED_OBJC_IMPLEMENTATIONS = YES;
				CLANG_WARN_DIRECT_OBJC_ISA_USAGE = YES_ERROR;
				CLANG_WARN_DOCUMENTATION_COMMENTS = YES;
				CLANG_WARN_EMPTY_BODY = YES;
				CLANG_WARN_ENUM_CONVERSION = YES;
				CLANG_WARN_INFINITE_RECURSION = YES;
				CLANG_WARN_INT_CONVERSION = YES;
				CLANG_WARN_NON_LITERAL_NULL_CONVERSION = YES;
				CLANG_WARN_OBJC_IMPLICIT_RETAIN_SELF = YES;
				CLANG_WARN_OBJC_LITERAL_CONVERSION = YES;
				CLANG_WARN_OBJC_ROOT_CLASS = YES_ERROR;
				CLANG_WARN_RANGE_LOOP_ANALYSIS = YES;
				CLANG_WARN_STRICT_PROTOTYPES = YES;
				CLANG_WARN_SUSPICIOUS_MOVE = YES;
				CLANG_WARN_UNGUARDED_AVAILABILITY = YES_AGGRESSIVE;
				CLANG_WARN_UNREACHABLE_CODE = YES;
				CLANG_WARN__DUPLICATE_METHOD_MATCH = YES;
				CODE_SIGN_IDENTITY = "iPhone Developer";
				COPY_PHASE_STRIP = NO;
				DEBUG_INFORMATION_FORMAT = dwarf;
				ENABLE_STRICT_OBJC_MSGSEND = YES;
				ENABLE_TESTABILITY = YES;
				GCC_C_LANGUAGE_STANDARD = gnu11;
				GCC_DYNAMIC_NO_PIC = NO;
				GCC_NO_COMMON_BLOCKS = YES;
				GCC_OPTIMIZATION_LEVEL = 0;
				GCC_PREPROCESSOR_DEFINITIONS = (
					"DEBUG=1",
					"$(inherited)",
				);
				GCC_WARN_64_TO_32_BIT_CONVERSION = YES;
				GCC_WARN_ABOUT_RETURN_TYPE = YES_ERROR;
				GCC_WARN_UNDECLARED_SELECTOR = YES;
				GCC_WARN_UNINITIALIZED_AUTOS = YES_AGGRESSIVE;
				GCC_WARN_UNUSED_FUNCTION = YES;
				GCC_WARN_UNUSED_VARIABLE = YES;
				IPHONEOS_DEPLOYMENT_TARGET = 11.4;
				MTL_ENABLE_DEBUG_INFO = YES;
				ONLY_ACTIVE_ARCH = YES;
				SDKROOT = iphoneos;
				SWIFT_ACTIVE_COMPILATION_CONDITIONS = DEBUG;
				SWIFT_OPTIMIZATION_LEVEL = "-Onone";
			};
			name = Debug;
		};
		03357C6020CFEBAF006976EB /* Release */ = {
			isa = XCBuildConfiguration;
			buildSettings = {
				ALWAYS_SEARCH_USER_PATHS = NO;
				CLANG_ANALYZER_NONNULL = YES;
				CLANG_ANALYZER_NUMBER_OBJECT_CONVERSION = YES_AGGRESSIVE;
				CLANG_CXX_LANGUAGE_STANDARD = "gnu++14";
				CLANG_CXX_LIBRARY = "libc++";
				CLANG_ENABLE_MODULES = YES;
				CLANG_ENABLE_OBJC_ARC = YES;
				CLANG_ENABLE_OBJC_WEAK = YES;
				CLANG_WARN_BLOCK_CAPTURE_AUTORELEASING = YES;
				CLANG_WARN_BOOL_CONVERSION = YES;
				CLANG_WARN_COMMA = YES;
				CLANG_WARN_CONSTANT_CONVERSION = YES;
				CLANG_WARN_DEPRECATED_OBJC_IMPLEMENTATIONS = YES;
				CLANG_WARN_DIRECT_OBJC_ISA_USAGE = YES_ERROR;
				CLANG_WARN_DOCUMENTATION_COMMENTS = YES;
				CLANG_WARN_EMPTY_BODY = YES;
				CLANG_WARN_ENUM_CONVERSION = YES;
				CLANG_WARN_INFINITE_RECURSION = YES;
				CLANG_WARN_INT_CONVERSION = YES;
				CLANG_WARN_NON_LITERAL_NULL_CONVERSION = YES;
				CLANG_WARN_OBJC_IMPLICIT_RETAIN_SELF = YES;
				CLANG_WARN_OBJC_LITERAL_CONVERSION = YES;
				CLANG_WARN_OBJC_ROOT_CLASS = YES_ERROR;
				CLANG_WARN_RANGE_LOOP_ANALYSIS = YES;
				CLANG_WARN_STRICT_PROTOTYPES = YES;
				CLANG_WARN_SUSPICIOUS_MOVE = YES;
				CLANG_WARN_UNGUARDED_AVAILABILITY = YES_AGGRESSIVE;
				CLANG_WARN_UNREACHABLE_CODE = YES;
				CLANG_WARN__DUPLICATE_METHOD_MATCH = YES;
				CODE_SIGN_IDENTITY = "iPhone Developer";
				COPY_PHASE_STRIP = NO;
				DEBUG_INFORMATION_FORMAT = "dwarf-with-dsym";
				ENABLE_NS_ASSERTIONS = NO;
				ENABLE_STRICT_OBJC_MSGSEND = YES;
				GCC_C_LANGUAGE_STANDARD = gnu11;
				GCC_NO_COMMON_BLOCKS = YES;
				GCC_WARN_64_TO_32_BIT_CONVERSION = YES;
				GCC_WARN_ABOUT_RETURN_TYPE = YES_ERROR;
				GCC_WARN_UNDECLARED_SELECTOR = YES;
				GCC_WARN_UNINITIALIZED_AUTOS = YES_AGGRESSIVE;
				GCC_WARN_UNUSED_FUNCTION = YES;
				GCC_WARN_UNUSED_VARIABLE = YES;
				IPHONEOS_DEPLOYMENT_TARGET = 11.4;
				MTL_ENABLE_DEBUG_INFO = NO;
				SDKROOT = iphoneos;
				SWIFT_COMPILATION_MODE = wholemodule;
				SWIFT_OPTIMIZATION_LEVEL = "-O";
				VALIDATE_PRODUCT = YES;
			};
			name = Release;
		};
		03357C6220CFEBAF006976EB /* Debug */ = {
			isa = XCBuildConfiguration;
			buildSettings = {
				ASSETCATALOG_COMPILER_APPICON_NAME = AppIcon;
				CODE_SIGN_STYLE = Automatic;
				DEVELOPMENT_TEAM = VF3Y7UU4D6;
				INFOPLIST_FILE = "I Am Poor/Info.plist";
				LD_RUNPATH_SEARCH_PATHS = (
					"$(inherited)",
					"@executable_path/Frameworks",
				);
				PRODUCT_BUNDLE_IDENTIFIER = "com.shawonashraf.I-Am-Poor";
				PRODUCT_NAME = "$(TARGET_NAME)";
				SWIFT_VERSION = 4.0;
				TARGETED_DEVICE_FAMILY = 1;
			};
			name = Debug;
		};
		03357C6320CFEBAF006976EB /* Release */ = {
			isa = XCBuildConfiguration;
			buildSettings = {
				ASSETCATALOG_COMPILER_APPICON_NAME = AppIcon;
				CODE_SIGN_STYLE = Automatic;
				DEVELOPMENT_TEAM = VF3Y7UU4D6;
				INFOPLIST_FILE = "I Am Poor/Info.plist";
				LD_RUNPATH_SEARCH_PATHS = (
					"$(inherited)",
					"@executable_path/Frameworks",
				);
				PRODUCT_BUNDLE_IDENTIFIER = "com.shawonashraf.I-Am-Poor";
				PRODUCT_NAME = "$(TARGET_NAME)";
				SWIFT_VERSION = 4.0;
				TARGETED_DEVICE_FAMILY = 1;
			};
			name = Release;
		};
		03357C6520CFEBAF006976EB /* Debug */ = {
			isa = XCBuildConfiguration;
			buildSettings = {
				ALWAYS_EMBED_SWIFT_STANDARD_LIBRARIES = YES;
				BUNDLE_LOADER = "$(TEST_HOST)";
				CODE_SIGN_STYLE = Automatic;
				INFOPLIST_FILE = "I Am PoorTests/Info.plist";
				LD_RUNPATH_SEARCH_PATHS = (
					"$(inherited)",
					"@executable_path/Frameworks",
					"@loader_path/Frameworks",
				);
				PRODUCT_BUNDLE_IDENTIFIER = "com.shawonashraf.I-Am-PoorTests";
				PRODUCT_NAME = "$(TARGET_NAME)";
				SWIFT_VERSION = 4.0;
				TARGETED_DEVICE_FAMILY = "1,2";
				TEST_HOST = "$(BUILT_PRODUCTS_DIR)/I Am Poor.app/I Am Poor";
			};
			name = Debug;
		};
		03357C6620CFEBAF006976EB /* Release */ = {
			isa = XCBuildConfiguration;
			buildSettings = {
				ALWAYS_EMBED_SWIFT_STANDARD_LIBRARIES = YES;
				BUNDLE_LOADER = "$(TEST_HOST)";
				CODE_SIGN_STYLE = Automatic;
				INFOPLIST_FILE = "I Am PoorTests/Info.plist";
				LD_RUNPATH_SEARCH_PATHS = (
					"$(inherited)",
					"@executable_path/Frameworks",
					"@loader_path/Frameworks",
				);
				PRODUCT_BUNDLE_IDENTIFIER = "com.shawonashraf.I-Am-PoorTests";
				PRODUCT_NAME = "$(TARGET_NAME)";
				SWIFT_VERSION = 4.0;
				TARGETED_DEVICE_FAMILY = "1,2";
				TEST_HOST = "$(BUILT_PRODUCTS_DIR)/I Am Poor.app/I Am Poor";
			};
			name = Release;
		};
		03357C6820CFEBAF006976EB /* Debug */ = {
			isa = XCBuildConfiguration;
			buildSettings = {
				ALWAYS_EMBED_SWIFT_STANDARD_LIBRARIES = YES;
				CODE_SIGN_STYLE = Automatic;
				INFOPLIST_FILE = "I Am PoorUITests/Info.plist";
				LD_RUNPATH_SEARCH_PATHS = (
					"$(inherited)",
					"@executable_path/Frameworks",
					"@loader_path/Frameworks",
				);
				PRODUCT_BUNDLE_IDENTIFIER = "com.shawonashraf.I-Am-PoorUITests";
				PRODUCT_NAME = "$(TARGET_NAME)";
				SWIFT_VERSION = 4.0;
				TARGETED_DEVICE_FAMILY = "1,2";
				TEST_TARGET_NAME = "I Am Poor";
			};
			name = Debug;
		};
		03357C6920CFEBAF006976EB /* Release */ = {
			isa = XCBuildConfiguration;
			buildSettings = {
				ALWAYS_EMBED_SWIFT_STANDARD_LIBRARIES = YES;
				CODE_SIGN_STYLE = Automatic;
				INFOPLIST_FILE = "I Am PoorUITests/Info.plist";
				LD_RUNPATH_SEARCH_PATHS = (
					"$(inherited)",
					"@executable_path/Frameworks",
					"@loader_path/Frameworks",
				);
				PRODUCT_BUNDLE_IDENTIFIER = "com.shawonashraf.I-Am-PoorUITests";
				PRODUCT_NAME = "$(TARGET_NAME)";
				SWIFT_VERSION = 4.0;
				TARGETED_DEVICE_FAMILY = "1,2";
				TEST_TARGET_NAME = "I Am Poor";
			};
			name = Release;
		};
/* End XCBuildConfiguration section */

/* Begin XCConfigurationList section */
		03357C3120CFEBAD006976EB /* Build configuration list for PBXProject "I Am Poor" */ = {
			isa = XCConfigurationList;
			buildConfigurations = (
				03357C5F20CFEBAF006976EB /* Debug */,
				03357C6020CFEBAF006976EB /* Release */,
			);
			defaultConfigurationIsVisible = 0;
			defaultConfigurationName = Release;
		};
		03357C6120CFEBAF006976EB /* Build configuration list for PBXNativeTarget "I Am Poor" */ = {
			isa = XCConfigurationList;
			buildConfigurations = (
				03357C6220CFEBAF006976EB /* Debug */,
				03357C6320CFEBAF006976EB /* Release */,
			);
			defaultConfigurationIsVisible = 0;
			defaultConfigurationName = Release;
		};
		03357C6420CFEBAF006976EB /* Build configuration list for PBXNativeTarget "I Am PoorTests" */ = {
			isa = XCConfigurationList;
			buildConfigurations = (
				03357C6520CFEBAF006976EB /* Debug */,
				03357C6620CFEBAF006976EB /* Release */,
			);
			defaultConfigurationIsVisible = 0;
			defaultConfigurationName = Release;
		};
		03357C6720CFEBAF006976EB /* Build configuration list for PBXNativeTarget "I Am PoorUITests" */ = {
			isa = XCConfigurationList;
			buildConfigurations = (
				03357C6820CFEBAF006976EB /* Debug */,
				03357C6920CFEBAF006976EB /* Release */,
			);
			defaultConfigurationIsVisible = 0;
			defaultConfigurationName = Release;
		};
/* End XCConfigurationList section */

/* Begin XCVersionGroup section */
		03357C4020CFEBAD006976EB /* I_Am_Poor.xcdatamodeld */ = {
			isa = XCVersionGroup;
			children = (
				03357C4120CFEBAD006976EB /* I_Am_Poor.xcdatamodel */,
			);
			currentVersion = 03357C4120CFEBAD006976EB /* I_Am_Poor.xcdatamodel */;
			path = I_Am_Poor.xcdatamodeld;
			sourceTree = "<group>";
			versionGroupType = wrapper.xcdatamodel;
		};
/* End XCVersionGroup section */
	};
	rootObject = 03357C2E20CFEBAD006976EB /* Project object */;
}
