// !$*UTF8*$!
{
	archiveVersion = 1;
	classes = {
	};
	objectVersion = 50;
	objects = {

/* Begin PBXBuildFile section */
		03761BCF20FA9D9D00E7DBE3 /* AppDelegate.swift in Sources */ = {isa = PBXBuildFile; fileRef = 03761BCE20FA9D9D00E7DBE3 /* AppDelegate.swift */; };
		03761BD120FA9D9D00E7DBE3 /* ViewController.swift in Sources */ = {isa = PBXBuildFile; fileRef = 03761BD020FA9D9D00E7DBE3 /* ViewController.swift */; };
		03761BD420FA9D9D00E7DBE3 /* Main.storyboard in Resources */ = {isa = PBXBuildFile; fileRef = 03761BD220FA9D9D00E7DBE3 /* Main.storyboard */; };
		03761BD720FA9D9D00E7DBE3 /* PopUpAlert.xcdatamodeld in Sources */ = {isa = PBXBuildFile; fileRef = 03761BD520FA9D9D00E7DBE3 /* PopUpAlert.xcdatamodeld */; };
		03761BD920FA9D9D00E7DBE3 /* Assets.xcassets in Resources */ = {isa = PBXBuildFile; fileRef = 03761BD820FA9D9D00E7DBE3 /* Assets.xcassets */; };
		03761BDC20FA9D9D00E7DBE3 /* LaunchScreen.storyboard in Resources */ = {isa = PBXBuildFile; fileRef = 03761BDA20FA9D9D00E7DBE3 /* LaunchScreen.storyboard */; };
		03761BE720FA9D9D00E7DBE3 /* PopUpAlertTests.swift in Sources */ = {isa = PBXBuildFile; fileRef = 03761BE620FA9D9D00E7DBE3 /* PopUpAlertTests.swift */; };
		03761BF220FA9D9E00E7DBE3 /* PopUpAlertUITests.swift in Sources */ = {isa = PBXBuildFile; fileRef = 03761BF120FA9D9E00E7DBE3 /* PopUpAlertUITests.swift */; };
/* End PBXBuildFile section */

/* Begin PBXContainerItemProxy section */
		03761BE320FA9D9D00E7DBE3 /* PBXContainerItemProxy */ = {
			isa = PBXContainerItemProxy;
			containerPortal = 03761BC320FA9D9D00E7DBE3 /* Project object */;
			proxyType = 1;
			remoteGlobalIDString = 03761BCA20FA9D9D00E7DBE3;
			remoteInfo = PopUpAlert;
		};
		03761BEE20FA9D9E00E7DBE3 /* PBXContainerItemProxy */ = {
			isa = PBXContainerItemProxy;
			containerPortal = 03761BC320FA9D9D00E7DBE3 /* Project object */;
			proxyType = 1;
			remoteGlobalIDString = 03761BCA20FA9D9D00E7DBE3;
			remoteInfo = PopUpAlert;
		};
/* End PBXContainerItemProxy section */

/* Begin PBXFileReference section */
		03761BCB20FA9D9D00E7DBE3 /* PopUpAlert.app */ = {isa = PBXFileReference; explicitFileType = wrapper.application; includeInIndex = 0; path = PopUpAlert.app; sourceTree = BUILT_PRODUCTS_DIR; };
		03761BCE20FA9D9D00E7DBE3 /* AppDelegate.swift */ = {isa = PBXFileReference; lastKnownFileType = sourcecode.swift; path = AppDelegate.swift; sourceTree = "<group>"; };
		03761BD020FA9D9D00E7DBE3 /* ViewController.swift */ = {isa = PBXFileReference; lastKnownFileType = sourcecode.swift; path = ViewController.swift; sourceTree = "<group>"; };
		03761BD320FA9D9D00E7DBE3 /* Base */ = {isa = PBXFileReference; lastKnownFileType = file.storyboard; name = Base; path = Base.lproj/Main.storyboard; sourceTree = "<group>"; };
		03761BD620FA9D9D00E7DBE3 /* PopUpAlert.xcdatamodel */ = {isa = PBXFileReference; lastKnownFileType = wrapper.xcdatamodel; path = PopUpAlert.xcdatamodel; sourceTree = "<group>"; };
		03761BD820FA9D9D00E7DBE3 /* Assets.xcassets */ = {isa = PBXFileReference; lastKnownFileType = folder.assetcatalog; path = Assets.xcassets; sourceTree = "<group>"; };
		03761BDB20FA9D9D00E7DBE3 /* Base */ = {isa = PBXFileReference; lastKnownFileType = file.storyboard; name = Base; path = Base.lproj/LaunchScreen.storyboard; sourceTree = "<group>"; };
		03761BDD20FA9D9D00E7DBE3 /* Info.plist */ = {isa = PBXFileReference; lastKnownFileType = text.plist.xml; path = Info.plist; sourceTree = "<group>"; };
		03761BE220FA9D9D00E7DBE3 /* PopUpAlertTests.xctest */ = {isa = PBXFileReference; explicitFileType = wrapper.cfbundle; includeInIndex = 0; path = PopUpAlertTests.xctest; sourceTree = BUILT_PRODUCTS_DIR; };
		03761BE620FA9D9D00E7DBE3 /* PopUpAlertTests.swift */ = {isa = PBXFileReference; lastKnownFileType = sourcecode.swift; path = PopUpAlertTests.swift; sourceTree = "<group>"; };
		03761BE820FA9D9D00E7DBE3 /* Info.plist */ = {isa = PBXFileReference; lastKnownFileType = text.plist.xml; path = Info.plist; sourceTree = "<group>"; };
		03761BED20FA9D9E00E7DBE3 /* PopUpAlertUITests.xctest */ = {isa = PBXFileReference; explicitFileType = wrapper.cfbundle; includeInIndex = 0; path = PopUpAlertUITests.xctest; sourceTree = BUILT_PRODUCTS_DIR; };
		03761BF120FA9D9E00E7DBE3 /* PopUpAlertUITests.swift */ = {isa = PBXFileReference; lastKnownFileType = sourcecode.swift; path = PopUpAlertUITests.swift; sourceTree = "<group>"; };
		03761BF320FA9D9E00E7DBE3 /* Info.plist */ = {isa = PBXFileReference; lastKnownFileType = text.plist.xml; path = Info.plist; sourceTree = "<group>"; };
/* End PBXFileReference section */

/* Begin PBXFrameworksBuildPhase section */
		03761BC820FA9D9D00E7DBE3 /* Frameworks */ = {
			isa = PBXFrameworksBuildPhase;
			buildActionMask = 2147483647;
			files = (
			);
			runOnlyForDeploymentPostprocessing = 0;
		};
		03761BDF20FA9D9D00E7DBE3 /* Frameworks */ = {
			isa = PBXFrameworksBuildPhase;
			buildActionMask = 2147483647;
			files = (
			);
			runOnlyForDeploymentPostprocessing = 0;
		};
		03761BEA20FA9D9E00E7DBE3 /* Frameworks */ = {
			isa = PBXFrameworksBuildPhase;
			buildActionMask = 2147483647;
			files = (
			);
			runOnlyForDeploymentPostprocessing = 0;
		};
/* End PBXFrameworksBuildPhase section */

/* Begin PBXGroup section */
		03761BC220FA9D9D00E7DBE3 = {
			isa = PBXGroup;
			children = (
				03761BCD20FA9D9D00E7DBE3 /* PopUpAlert */,
				03761BE520FA9D9D00E7DBE3 /* PopUpAlertTests */,
				03761BF020FA9D9E00E7DBE3 /* PopUpAlertUITests */,
				03761BCC20FA9D9D00E7DBE3 /* Products */,
			);
			sourceTree = "<group>";
		};
		03761BCC20FA9D9D00E7DBE3 /* Products */ = {
			isa = PBXGroup;
			children = (
				03761BCB20FA9D9D00E7DBE3 /* PopUpAlert.app */,
				03761BE220FA9D9D00E7DBE3 /* PopUpAlertTests.xctest */,
				03761BED20FA9D9E00E7DBE3 /* PopUpAlertUITests.xctest */,
			);
			name = Products;
			sourceTree = "<group>";
		};
		03761BCD20FA9D9D00E7DBE3 /* PopUpAlert */ = {
			isa = PBXGroup;
			children = (
				03761BCE20FA9D9D00E7DBE3 /* AppDelegate.swift */,
				03761BD020FA9D9D00E7DBE3 /* ViewController.swift */,
				03761BD220FA9D9D00E7DBE3 /* Main.storyboard */,
				03761BD820FA9D9D00E7DBE3 /* Assets.xcassets */,
				03761BDA20FA9D9D00E7DBE3 /* LaunchScreen.storyboard */,
				03761BDD20FA9D9D00E7DBE3 /* Info.plist */,
				03761BD520FA9D9D00E7DBE3 /* PopUpAlert.xcdatamodeld */,
			);
			path = PopUpAlert;
			sourceTree = "<group>";
		};
		03761BE520FA9D9D00E7DBE3 /* PopUpAlertTests */ = {
			isa = PBXGroup;
			children = (
				03761BE620FA9D9D00E7DBE3 /* PopUpAlertTests.swift */,
				03761BE820FA9D9D00E7DBE3 /* Info.plist */,
			);
			path = PopUpAlertTests;
			sourceTree = "<group>";
		};
		03761BF020FA9D9E00E7DBE3 /* PopUpAlertUITests */ = {
			isa = PBXGroup;
			children = (
				03761BF120FA9D9E00E7DBE3 /* PopUpAlertUITests.swift */,
				03761BF320FA9D9E00E7DBE3 /* Info.plist */,
			);
			path = PopUpAlertUITests;
			sourceTree = "<group>";
		};
/* End PBXGroup section */

/* Begin PBXNativeTarget section */
		03761BCA20FA9D9D00E7DBE3 /* PopUpAlert */ = {
			isa = PBXNativeTarget;
			buildConfigurationList = 03761BF620FA9D9E00E7DBE3 /* Build configuration list for PBXNativeTarget "PopUpAlert" */;
			buildPhases = (
				03761BC720FA9D9D00E7DBE3 /* Sources */,
				03761BC820FA9D9D00E7DBE3 /* Frameworks */,
				03761BC920FA9D9D00E7DBE3 /* Resources */,
			);
			buildRules = (
			);
			dependencies = (
			);
			name = PopUpAlert;
			productName = PopUpAlert;
			productReference = 03761BCB20FA9D9D00E7DBE3 /* PopUpAlert.app */;
			productType = "com.apple.product-type.application";
		};
		03761BE120FA9D9D00E7DBE3 /* PopUpAlertTests */ = {
			isa = PBXNativeTarget;
			buildConfigurationList = 03761BF920FA9D9E00E7DBE3 /* Build configuration list for PBXNativeTarget "PopUpAlertTests" */;
			buildPhases = (
				03761BDE20FA9D9D00E7DBE3 /* Sources */,
				03761BDF20FA9D9D00E7DBE3 /* Frameworks */,
				03761BE020FA9D9D00E7DBE3 /* Resources */,
			);
			buildRules = (
			);
			dependencies = (
				03761BE420FA9D9D00E7DBE3 /* PBXTargetDependency */,
			);
			name = PopUpAlertTests;
			productName = PopUpAlertTests;
			productReference = 03761BE220FA9D9D00E7DBE3 /* PopUpAlertTests.xctest */;
			productType = "com.apple.product-type.bundle.unit-test";
		};
		03761BEC20FA9D9E00E7DBE3 /* PopUpAlertUITests */ = {
			isa = PBXNativeTarget;
			buildConfigurationList = 03761BFC20FA9D9E00E7DBE3 /* Build configuration list for PBXNativeTarget "PopUpAlertUITests" */;
			buildPhases = (
				03761BE920FA9D9E00E7DBE3 /* Sources */,
				03761BEA20FA9D9E00E7DBE3 /* Frameworks */,
				03761BEB20FA9D9E00E7DBE3 /* Resources */,
			);
			buildRules = (
			);
			dependencies = (
				03761BEF20FA9D9E00E7DBE3 /* PBXTargetDependency */,
			);
			name = PopUpAlertUITests;
			productName = PopUpAlertUITests;
			productReference = 03761BED20FA9D9E00E7DBE3 /* PopUpAlertUITests.xctest */;
			productType = "com.apple.product-type.bundle.ui-testing";
		};
/* End PBXNativeTarget section */

/* Begin PBXProject section */
		03761BC320FA9D9D00E7DBE3 /* Project object */ = {
			isa = PBXProject;
			attributes = {
				LastSwiftUpdateCheck = 0940;
				LastUpgradeCheck = 0940;
				ORGANIZATIONNAME = "Shawon Ashraf";
				TargetAttributes = {
					03761BCA20FA9D9D00E7DBE3 = {
						CreatedOnToolsVersion = 9.4.1;
					};
					03761BE120FA9D9D00E7DBE3 = {
						CreatedOnToolsVersion = 9.4.1;
						TestTargetID = 03761BCA20FA9D9D00E7DBE3;
					};
					03761BEC20FA9D9E00E7DBE3 = {
						CreatedOnToolsVersion = 9.4.1;
						TestTargetID = 03761BCA20FA9D9D00E7DBE3;
					};
				};
			};
			buildConfigurationList = 03761BC620FA9D9D00E7DBE3 /* Build configuration list for PBXProject "PopUpAlert" */;
			compatibilityVersion = "Xcode 9.3";
			developmentRegion = en;
			hasScannedForEncodings = 0;
			knownRegions = (
				en,
				Base,
			);
			mainGroup = 03761BC220FA9D9D00E7DBE3;
			productRefGroup = 03761BCC20FA9D9D00E7DBE3 /* Products */;
			projectDirPath = "";
			projectRoot = "";
			targets = (
				03761BCA20FA9D9D00E7DBE3 /* PopUpAlert */,
				03761BE120FA9D9D00E7DBE3 /* PopUpAlertTests */,
				03761BEC20FA9D9E00E7DBE3 /* PopUpAlertUITests */,
			);
		};
/* End PBXProject section */

/* Begin PBXResourcesBuildPhase section */
		03761BC920FA9D9D00E7DBE3 /* Resources */ = {
			isa = PBXResourcesBuildPhase;
			buildActionMask = 2147483647;
			files = (
				03761BDC20FA9D9D00E7DBE3 /* LaunchScreen.storyboard in Resources */,
				03761BD920FA9D9D00E7DBE3 /* Assets.xcassets in Resources */,
				03761BD420FA9D9D00E7DBE3 /* Main.storyboard in Resources */,
			);
			runOnlyForDeploymentPostprocessing = 0;
		};
		03761BE020FA9D9D00E7DBE3 /* Resources */ = {
			isa = PBXResourcesBuildPhase;
			buildActionMask = 2147483647;
			files = (
			);
			runOnlyForDeploymentPostprocessing = 0;
		};
		03761BEB20FA9D9E00E7DBE3 /* Resources */ = {
			isa = PBXResourcesBuildPhase;
			buildActionMask = 2147483647;
			files = (
			);
			runOnlyForDeploymentPostprocessing = 0;
		};
/* End PBXResourcesBuildPhase section */

/* Begin PBXSourcesBuildPhase section */
		03761BC720FA9D9D00E7DBE3 /* Sources */ = {
			isa = PBXSourcesBuildPhase;
			buildActionMask = 2147483647;
			files = (
				03761BD720FA9D9D00E7DBE3 /* PopUpAlert.xcdatamodeld in Sources */,
				03761BD120FA9D9D00E7DBE3 /* ViewController.swift in Sources */,
				03761BCF20FA9D9D00E7DBE3 /* AppDelegate.swift in Sources */,
			);
			runOnlyForDeploymentPostprocessing = 0;
		};
		03761BDE20FA9D9D00E7DBE3 /* Sources */ = {
			isa = PBXSourcesBuildPhase;
			buildActionMask = 2147483647;
			files = (
				03761BE720FA9D9D00E7DBE3 /* PopUpAlertTests.swift in Sources */,
			);
			runOnlyForDeploymentPostprocessing = 0;
		};
		03761BE920FA9D9E00E7DBE3 /* Sources */ = {
			isa = PBXSourcesBuildPhase;
			buildActionMask = 2147483647;
			files = (
				03761BF220FA9D9E00E7DBE3 /* PopUpAlertUITests.swift in Sources */,
			);
			runOnlyForDeploymentPostprocessing = 0;
		};
/* End PBXSourcesBuildPhase section */

/* Begin PBXTargetDependency section */
		03761BE420FA9D9D00E7DBE3 /* PBXTargetDependency */ = {
			isa = PBXTargetDependency;
			target = 03761BCA20FA9D9D00E7DBE3 /* PopUpAlert */;
			targetProxy = 03761BE320FA9D9D00E7DBE3 /* PBXContainerItemProxy */;
		};
		03761BEF20FA9D9E00E7DBE3 /* PBXTargetDependency */ = {
			isa = PBXTargetDependency;
			target = 03761BCA20FA9D9D00E7DBE3 /* PopUpAlert */;
			targetProxy = 03761BEE20FA9D9E00E7DBE3 /* PBXContainerItemProxy */;
		};
/* End PBXTargetDependency section */

/* Begin PBXVariantGroup section */
		03761BD220FA9D9D00E7DBE3 /* Main.storyboard */ = {
			isa = PBXVariantGroup;
			children = (
				03761BD320FA9D9D00E7DBE3 /* Base */,
			);
			name = Main.storyboard;
			sourceTree = "<group>";
		};
		03761BDA20FA9D9D00E7DBE3 /* LaunchScreen.storyboard */ = {
			isa = PBXVariantGroup;
			children = (
				03761BDB20FA9D9D00E7DBE3 /* Base */,
			);
			name = LaunchScreen.storyboard;
			sourceTree = "<group>";
		};
/* End PBXVariantGroup section */

/* Begin XCBuildConfiguration section */
		03761BF420FA9D9E00E7DBE3 /* Debug */ = {
			isa = XCBuildConfiguration;
			buildSettings = {
				ALWAYS_SEARCH_USER_PATHS = NO;
				CLANG_ANALYZER_NONNULL = YES;
				CLANG_ANALYZER_NUMBER_OBJECT_CONVERSION = YES_AGGRESSIVE;
				CLANG_CXX_LANGUAGE_STANDARD = "gnu++14";
				CLANG_CXX_LIBRARY = "libc++";
				CLANG_ENABLE_MODULES = YES;
				CLANG_ENABLE_OBJC_ARC = YES;
				CLANG_ENABLE_OBJC_WEAK = YES;
				CLANG_WARN_BLOCK_CAPTURE_AUTORELEASING = YES;
				CLANG_WARN_BOOL_CONVERSION = YES;
				CLANG_WARN_COMMA = YES;
				CLANG_WARN_CONSTANT_CONVERSION = YES;
				CLANG_WARN_DEPRECATED_OBJC_IMPLEMENTATIONS = YES;
				CLANG_WARN_DIRECT_OBJC_ISA_USAGE = YES_ERROR;
				CLANG_WARN_DOCUMENTATION_COMMENTS = YES;
				CLANG_WARN_EMPTY_BODY = YES;
				CLANG_WARN_ENUM_CONVERSION = YES;
				CLANG_WARN_INFINITE_RECURSION = YES;
				CLANG_WARN_INT_CONVERSION = YES;
				CLANG_WARN_NON_LITERAL_NULL_CONVERSION = YES;
				CLANG_WARN_OBJC_IMPLICIT_RETAIN_SELF = YES;
				CLANG_WARN_OBJC_LITERAL_CONVERSION = YES;
				CLANG_WARN_OBJC_ROOT_CLASS = YES_ERROR;
				CLANG_WARN_RANGE_LOOP_ANALYSIS = YES;
				CLANG_WARN_STRICT_PROTOTYPES = YES;
				CLANG_WARN_SUSPICIOUS_MOVE = YES;
				CLANG_WARN_UNGUARDED_AVAILABILITY = YES_AGGRESSIVE;
				CLANG_WARN_UNREACHABLE_CODE = YES;
				CLANG_WARN__DUPLICATE_METHOD_MATCH = YES;
				CODE_SIGN_IDENTITY = "iPhone Developer";
				COPY_PHASE_STRIP = NO;
				DEBUG_INFORMATION_FORMAT = dwarf;
				ENABLE_STRICT_OBJC_MSGSEND = YES;
				ENABLE_TESTABILITY = YES;
				GCC_C_LANGUAGE_STANDARD = gnu11;
				GCC_DYNAMIC_NO_PIC = NO;
				GCC_NO_COMMON_BLOCKS = YES;
				GCC_OPTIMIZATION_LEVEL = 0;
				GCC_PREPROCESSOR_DEFINITIONS = (
					"DEBUG=1",
					"$(inherited)",
				);
				GCC_WARN_64_TO_32_BIT_CONVERSION = YES;
				GCC_WARN_ABOUT_RETURN_TYPE = YES_ERROR;
				GCC_WARN_UNDECLARED_SELECTOR = YES;
				GCC_WARN_UNINITIALIZED_AUTOS = YES_AGGRESSIVE;
				GCC_WARN_UNUSED_FUNCTION = YES;
				GCC_WARN_UNUSED_VARIABLE = YES;
				IPHONEOS_DEPLOYMENT_TARGET = 11.4;
				MTL_ENABLE_DEBUG_INFO = YES;
				ONLY_ACTIVE_ARCH = YES;
				SDKROOT = iphoneos;
				SWIFT_ACTIVE_COMPILATION_CONDITIONS = DEBUG;
				SWIFT_OPTIMIZATION_LEVEL = "-Onone";
			};
			name = Debug;
		};
		03761BF520FA9D9E00E7DBE3 /* Release */ = {
			isa = XCBuildConfiguration;
			buildSettings = {
				ALWAYS_SEARCH_USER_PATHS = NO;
				CLANG_ANALYZER_NONNULL = YES;
				CLANG_ANALYZER_NUMBER_OBJECT_CONVERSION = YES_AGGRESSIVE;
				CLANG_CXX_LANGUAGE_STANDARD = "gnu++14";
				CLANG_CXX_LIBRARY = "libc++";
				CLANG_ENABLE_MODULES = YES;
				CLANG_ENABLE_OBJC_ARC = YES;
				CLANG_ENABLE_OBJC_WEAK = YES;
				CLANG_WARN_BLOCK_CAPTURE_AUTORELEASING = YES;
				CLANG_WARN_BOOL_CONVERSION = YES;
				CLANG_WARN_COMMA = YES;
				CLANG_WARN_CONSTANT_CONVERSION = YES;
				CLANG_WARN_DEPRECATED_OBJC_IMPLEMENTATIONS = YES;
				CLANG_WARN_DIRECT_OBJC_ISA_USAGE = YES_ERROR;
				CLANG_WARN_DOCUMENTATION_COMMENTS = YES;
				CLANG_WARN_EMPTY_BODY = YES;
				CLANG_WARN_ENUM_CONVERSION = YES;
				CLANG_WARN_INFINITE_RECURSION = YES;
				CLANG_WARN_INT_CONVERSION = YES;
				CLANG_WARN_NON_LITERAL_NULL_CONVERSION = YES;
				CLANG_WARN_OBJC_IMPLICIT_RETAIN_SELF = YES;
				CLANG_WARN_OBJC_LITERAL_CONVERSION = YES;
				CLANG_WARN_OBJC_ROOT_CLASS = YES_ERROR;
				CLANG_WARN_RANGE_LOOP_ANALYSIS = YES;
				CLANG_WARN_STRICT_PROTOTYPES = YES;
				CLANG_WARN_SUSPICIOUS_MOVE = YES;
				CLANG_WARN_UNGUARDED_AVAILABILITY = YES_AGGRESSIVE;
				CLANG_WARN_UNREACHABLE_CODE = YES;
				CLANG_WARN__DUPLICATE_METHOD_MATCH = YES;
				CODE_SIGN_IDENTITY = "iPhone Developer";
				COPY_PHASE_STRIP = NO;
				DEBUG_INFORMATION_FORMAT = "dwarf-with-dsym";
				ENABLE_NS_ASSERTIONS = NO;
				ENABLE_STRICT_OBJC_MSGSEND = YES;
				GCC_C_LANGUAGE_STANDARD = gnu11;
				GCC_NO_COMMON_BLOCKS = YES;
				GCC_WARN_64_TO_32_BIT_CONVERSION = YES;
				GCC_WARN_ABOUT_RETURN_TYPE = YES_ERROR;
				GCC_WARN_UNDECLARED_SELECTOR = YES;
				GCC_WARN_UNINITIALIZED_AUTOS = YES_AGGRESSIVE;
				GCC_WARN_UNUSED_FUNCTION = YES;
				GCC_WARN_UNUSED_VARIABLE = YES;
				IPHONEOS_DEPLOYMENT_TARGET = 11.4;
				MTL_ENABLE_DEBUG_INFO = NO;
				SDKROOT = iphoneos;
				SWIFT_COMPILATION_MODE = wholemodule;
				SWIFT_OPTIMIZATION_LEVEL = "-O";
				VALIDATE_PRODUCT = YES;
			};
			name = Release;
		};
		03761BF720FA9D9E00E7DBE3 /* Debug */ = {
			isa = XCBuildConfiguration;
			buildSettings = {
				ASSETCATALOG_COMPILER_APPICON_NAME = AppIcon;
				CODE_SIGN_STYLE = Automatic;
				DEVELOPMENT_TEAM = VF3Y7UU4D6;
				INFOPLIST_FILE = PopUpAlert/Info.plist;
				LD_RUNPATH_SEARCH_PATHS = (
					"$(inherited)",
					"@executable_path/Frameworks",
				);
				PRODUCT_BUNDLE_IDENTIFIER = com.shawonashraf.PopUpAlert;
				PRODUCT_NAME = "$(TARGET_NAME)";
				SWIFT_VERSION = 4.0;
				TARGETED_DEVICE_FAMILY = "1,2";
			};
			name = Debug;
		};
		03761BF820FA9D9E00E7DBE3 /* Release */ = {
			isa = XCBuildConfiguration;
			buildSettings = {
				ASSETCATALOG_COMPILER_APPICON_NAME = AppIcon;
				CODE_SIGN_STYLE = Automatic;
				DEVELOPMENT_TEAM = VF3Y7UU4D6;
				INFOPLIST_FILE = PopUpAlert/Info.plist;
				LD_RUNPATH_SEARCH_PATHS = (
					"$(inherited)",
					"@executable_path/Frameworks",
				);
				PRODUCT_BUNDLE_IDENTIFIER = com.shawonashraf.PopUpAlert;
				PRODUCT_NAME = "$(TARGET_NAME)";
				SWIFT_VERSION = 4.0;
				TARGETED_DEVICE_FAMILY = "1,2";
			};
			name = Release;
		};
		03761BFA20FA9D9E00E7DBE3 /* Debug */ = {
			isa = XCBuildConfiguration;
			buildSettings = {
				ALWAYS_EMBED_SWIFT_STANDARD_LIBRARIES = YES;
				BUNDLE_LOADER = "$(TEST_HOST)";
				CODE_SIGN_STYLE = Automatic;
				DEVELOPMENT_TEAM = VF3Y7UU4D6;
				INFOPLIST_FILE = PopUpAlertTests/Info.plist;
				LD_RUNPATH_SEARCH_PATHS = (
					"$(inherited)",
					"@executable_path/Frameworks",
					"@loader_path/Frameworks",
				);
				PRODUCT_BUNDLE_IDENTIFIER = com.shawonashraf.PopUpAlertTests;
				PRODUCT_NAME = "$(TARGET_NAME)";
				SWIFT_VERSION = 4.0;
				TARGETED_DEVICE_FAMILY = "1,2";
				TEST_HOST = "$(BUILT_PRODUCTS_DIR)/PopUpAlert.app/PopUpAlert";
			};
			name = Debug;
		};
		03761BFB20FA9D9E00E7DBE3 /* Release */ = {
			isa = XCBuildConfiguration;
			buildSettings = {
				ALWAYS_EMBED_SWIFT_STANDARD_LIBRARIES = YES;
				BUNDLE_LOADER = "$(TEST_HOST)";
				CODE_SIGN_STYLE = Automatic;
				DEVELOPMENT_TEAM = VF3Y7UU4D6;
				INFOPLIST_FILE = PopUpAlertTests/Info.plist;
				LD_RUNPATH_SEARCH_PATHS = (
					"$(inherited)",
					"@executable_path/Frameworks",
					"@loader_path/Frameworks",
				);
				PRODUCT_BUNDLE_IDENTIFIER = com.shawonashraf.PopUpAlertTests;
				PRODUCT_NAME = "$(TARGET_NAME)";
				SWIFT_VERSION = 4.0;
				TARGETED_DEVICE_FAMILY = "1,2";
				TEST_HOST = "$(BUILT_PRODUCTS_DIR)/PopUpAlert.app/PopUpAlert";
			};
			name = Release;
		};
		03761BFD20FA9D9E00E7DBE3 /* Debug */ = {
			isa = XCBuildConfiguration;
			buildSettings = {
				ALWAYS_EMBED_SWIFT_STANDARD_LIBRARIES = YES;
				CODE_SIGN_STYLE = Automatic;
				DEVELOPMENT_TEAM = VF3Y7UU4D6;
				INFOPLIST_FILE = PopUpAlertUITests/Info.plist;
				LD_RUNPATH_SEARCH_PATHS = (
					"$(inherited)",
					"@executable_path/Frameworks",
					"@loader_path/Frameworks",
				);
				PRODUCT_BUNDLE_IDENTIFIER = com.shawonashraf.PopUpAlertUITests;
				PRODUCT_NAME = "$(TARGET_NAME)";
				SWIFT_VERSION = 4.0;
				TARGETED_DEVICE_FAMILY = "1,2";
				TEST_TARGET_NAME = PopUpAlert;
			};
			name = Debug;
		};
		03761BFE20FA9D9E00E7DBE3 /* Release */ = {
			isa = XCBuildConfiguration;
			buildSettings = {
				ALWAYS_EMBED_SWIFT_STANDARD_LIBRARIES = YES;
				CODE_SIGN_STYLE = Automatic;
				DEVELOPMENT_TEAM = VF3Y7UU4D6;
				INFOPLIST_FILE = PopUpAlertUITests/Info.plist;
				LD_RUNPATH_SEARCH_PATHS = (
					"$(inherited)",
					"@executable_path/Frameworks",
					"@loader_path/Frameworks",
				);
				PRODUCT_BUNDLE_IDENTIFIER = com.shawonashraf.PopUpAlertUITests;
				PRODUCT_NAME = "$(TARGET_NAME)";
				SWIFT_VERSION = 4.0;
				TARGETED_DEVICE_FAMILY = "1,2";
				TEST_TARGET_NAME = PopUpAlert;
			};
			name = Release;
		};
/* End XCBuildConfiguration section */

/* Begin XCConfigurationList section */
		03761BC620FA9D9D00E7DBE3 /* Build configuration list for PBXProject "PopUpAlert" */ = {
			isa = XCConfigurationList;
			buildConfigurations = (
				03761BF420FA9D9E00E7DBE3 /* Debug */,
				03761BF520FA9D9E00E7DBE3 /* Release */,
			);
			defaultConfigurationIsVisible = 0;
			defaultConfigurationName = Release;
		};
		03761BF620FA9D9E00E7DBE3 /* Build configuration list for PBXNativeTarget "PopUpAlert" */ = {
			isa = XCConfigurationList;
			buildConfigurations = (
				03761BF720FA9D9E00E7DBE3 /* Debug */,
				03761BF820FA9D9E00E7DBE3 /* Release */,
			);
			defaultConfigurationIsVisible = 0;
			defaultConfigurationName = Release;
		};
		03761BF920FA9D9E00E7DBE3 /* Build configuration list for PBXNativeTarget "PopUpAlertTests" */ = {
			isa = XCConfigurationList;
			buildConfigurations = (
				03761BFA20FA9D9E00E7DBE3 /* Debug */,
				03761BFB20FA9D9E00E7DBE3 /* Release */,
			);
			defaultConfigurationIsVisible = 0;
			defaultConfigurationName = Release;
		};
		03761BFC20FA9D9E00E7DBE3 /* Build configuration list for PBXNativeTarget "PopUpAlertUITests" */ = {
			isa = XCConfigurationList;
			buildConfigurations = (
				03761BFD20FA9D9E00E7DBE3 /* Debug */,
				03761BFE20FA9D9E00E7DBE3 /* Release */,
			);
			defaultConfigurationIsVisible = 0;
			defaultConfigurationName = Release;
		};
/* End XCConfigurationList section */

/* Begin XCVersionGroup section */
		03761BD520FA9D9D00E7DBE3 /* PopUpAlert.xcdatamodeld */ = {
			isa = XCVersionGroup;
			children = (
				03761BD620FA9D9D00E7DBE3 /* PopUpAlert.xcdatamodel */,
			);
			currentVersion = 03761BD620FA9D9D00E7DBE3 /* PopUpAlert.xcdatamodel */;
			path = PopUpAlert.xcdatamodeld;
			sourceTree = "<group>";
			versionGroupType = wrapper.xcdatamodel;
		};
/* End XCVersionGroup section */
	};
	rootObject = 03761BC320FA9D9D00E7DBE3 /* Project object */;
}
